// !$*UTF8*$!
{
	archiveVersion = 1;
	classes = {
	};
	objectVersion = 56;
	objects = {

/* Begin PBXBuildFile section */
		CD18F1762AE2B215004535AD /* CreateViewModelSuccessTests.swift in Sources */ = {isa = PBXBuildFile; fileRef = CD18F1752AE2B215004535AD /* CreateViewModelSuccessTests.swift */; };
		CD18F17A2AE2B62F004535AD /* CreateViewModelFailureTests.swift in Sources */ = {isa = PBXBuildFile; fileRef = CD18F1792AE2B62F004535AD /* CreateViewModelFailureTests.swift */; };
		CD18F17C2AE2B697004535AD /* CreateViewModelValidationFailureTests.swift in Sources */ = {isa = PBXBuildFile; fileRef = CD18F17B2AE2B697004535AD /* CreateViewModelValidationFailureTests.swift */; };
		CD18F1902AE2BDB6004535AD /* PeopleScreenUITests.swift in Sources */ = {isa = PBXBuildFile; fileRef = CD18F18F2AE2BDB6004535AD /* PeopleScreenUITests.swift */; };
		CD18F1932AE2C1F0004535AD /* UITestingHelper.swift in Sources */ = {isa = PBXBuildFile; fileRef = CD18F1922AE2C1F0004535AD /* UITestingHelper.swift */; };
		CD18F1962AE2CC5A004535AD /* NetworkingManagerCreateSuccessMock.swift in Sources */ = {isa = PBXBuildFile; fileRef = CDEF5E842AE27822004DDA7E /* NetworkingManagerCreateSuccessMock.swift */; };
		CD18F1972AE2CC8D004535AD /* NetworkingManagerCreateFailureMock.swift in Sources */ = {isa = PBXBuildFile; fileRef = CD18F17D2AE2BA9E004535AD /* NetworkingManagerCreateFailureMock.swift */; };
		CD18F1982AE2CCE8004535AD /* NetworkingManagerUserDetailsResponseSuccessMock.swift in Sources */ = {isa = PBXBuildFile; fileRef = CDEF5E792AE15C02004DDA7E /* NetworkingManagerUserDetailsResponseSuccessMock.swift */; };
		CD18F1992AE2CD28004535AD /* NetworkingManagerUserDetailsResponseFailureMock.swift in Sources */ = {isa = PBXBuildFile; fileRef = CDEF5E7B2AE15D9B004DDA7E /* NetworkingManagerUserDetailsResponseFailureMock.swift */; };
		CD18F19A2AE2CDB8004535AD /* MockURLSessionProtocol.swift in Sources */ = {isa = PBXBuildFile; fileRef = CDEF5E692AE02050004DDA7E /* MockURLSessionProtocol.swift */; };
		CD18F19B2AE2CDEA004535AD /* NetworkingManagerUserResponseSuccessMock.swift in Sources */ = {isa = PBXBuildFile; fileRef = CDEF5E712AE11F36004DDA7E /* NetworkingManagerUserResponseSuccessMock.swift */; };
		CD18F19C2AE2CDFD004535AD /* NetworkingManagerUserResponseFailureMock.swift in Sources */ = {isa = PBXBuildFile; fileRef = CDEF5E752AE12FF2004DDA7E /* NetworkingManagerUserResponseFailureMock.swift */; };
		CD18F19D2AE2CE1B004535AD /* CreateValidatorSuccessMock.swift in Sources */ = {isa = PBXBuildFile; fileRef = CDEF5E882AE279A5004DDA7E /* CreateValidatorSuccessMock.swift */; };
		CD18F19E2AE2CE34004535AD /* CreateValidatorFailureMock.swift in Sources */ = {isa = PBXBuildFile; fileRef = CD18F1772AE2B5B1004535AD /* CreateValidatorFailureMock.swift */; };
		CD18F1A02AE2DA46004535AD /* PeopleFailureUITests.swift in Sources */ = {isa = PBXBuildFile; fileRef = CD18F19F2AE2DA46004535AD /* PeopleFailureUITests.swift */; };
		CD3BEFAC2AD73B720027A04C /* PersonalPeopleAPIApp.swift in Sources */ = {isa = PBXBuildFile; fileRef = CD3BEFAB2AD73B720027A04C /* PersonalPeopleAPIApp.swift */; };
		CD3BEFAE2AD73B720027A04C /* ContentView.swift in Sources */ = {isa = PBXBuildFile; fileRef = CD3BEFAD2AD73B720027A04C /* ContentView.swift */; };
		CD3BEFB02AD73B780027A04C /* Assets.xcassets in Resources */ = {isa = PBXBuildFile; fileRef = CD3BEFAF2AD73B780027A04C /* Assets.xcassets */; };
		CD3BEFB32AD73B780027A04C /* Preview Assets.xcassets in Resources */ = {isa = PBXBuildFile; fileRef = CD3BEFB22AD73B780027A04C /* Preview Assets.xcassets */; };
		CD3BEFBB2AD73CB90027A04C /* Symbols.swift in Sources */ = {isa = PBXBuildFile; fileRef = CD3BEFBA2AD73CB90027A04C /* Symbols.swift */; };
		CD3BEFBD2AD73E120027A04C /* Theme.swift in Sources */ = {isa = PBXBuildFile; fileRef = CD3BEFBC2AD73E120027A04C /* Theme.swift */; };
		CD3BEFD32AD7FAB10027A04C /* SingleUserData.json in Resources */ = {isa = PBXBuildFile; fileRef = CD3BEFD22AD7FAB10027A04C /* SingleUserData.json */; };
		CD3BEFD72AD7FBE70027A04C /* UserDetailResponse.swift in Sources */ = {isa = PBXBuildFile; fileRef = CD3BEFD62AD7FBE70027A04C /* UserDetailResponse.swift */; };
		CD3BEFD92AD7FC690027A04C /* UsersResponse.swift in Sources */ = {isa = PBXBuildFile; fileRef = CD3BEFD82AD7FC690027A04C /* UsersResponse.swift */; };
		CD3BEFDC2AD7FD140027A04C /* Models.swift in Sources */ = {isa = PBXBuildFile; fileRef = CD3BEFDB2AD7FD140027A04C /* Models.swift */; };
		CD3BEFDF2AD7FD670027A04C /* StaticJSONMapper.swift in Sources */ = {isa = PBXBuildFile; fileRef = CD3BEFDE2AD7FD670027A04C /* StaticJSONMapper.swift */; };
		CD3BEFE12AD8057B0027A04C /* UsersStaticData.json in Resources */ = {isa = PBXBuildFile; fileRef = CD3BEFE02AD8057B0027A04C /* UsersStaticData.json */; };
		CD3BEFE32AD8170B0027A04C /* PeopleView.swift in Sources */ = {isa = PBXBuildFile; fileRef = CD3BEFE22AD8170B0027A04C /* PeopleView.swift */; };
		CD3BEFE52AD81D8C0027A04C /* PersonItemView.swift in Sources */ = {isa = PBXBuildFile; fileRef = CD3BEFE42AD81D8C0027A04C /* PersonItemView.swift */; };
		CD3BEFE82AD81E890027A04C /* PillView.swift in Sources */ = {isa = PBXBuildFile; fileRef = CD3BEFE72AD81E890027A04C /* PillView.swift */; };
		CD3BEFEA2AD83A6B0027A04C /* DetailView.swift in Sources */ = {isa = PBXBuildFile; fileRef = CD3BEFE92AD83A6A0027A04C /* DetailView.swift */; };
		CD3BEFEC2AD9554A0027A04C /* CreateView.swift in Sources */ = {isa = PBXBuildFile; fileRef = CD3BEFEB2AD9554A0027A04C /* CreateView.swift */; };
		CD3BEFEF2AD95C1A0027A04C /* NetworkingManager.swift in Sources */ = {isa = PBXBuildFile; fileRef = CD3BEFEE2AD95C1A0027A04C /* NetworkingManager.swift */; };
		CD3BEFF12AD965B00027A04C /* PeopleViewModel.swift in Sources */ = {isa = PBXBuildFile; fileRef = CD3BEFF02AD965B00027A04C /* PeopleViewModel.swift */; };
		CD3BEFF32AD96C000027A04C /* DetailViewModel.swift in Sources */ = {isa = PBXBuildFile; fileRef = CD3BEFF22AD96C000027A04C /* DetailViewModel.swift */; };
		CD3BEFF52ADD26500027A04C /* NewPerson.swift in Sources */ = {isa = PBXBuildFile; fileRef = CD3BEFF42ADD26500027A04C /* NewPerson.swift */; };
		CD3BEFF72ADD26B80027A04C /* CreateViewModel.swift in Sources */ = {isa = PBXBuildFile; fileRef = CD3BEFF62ADD26B80027A04C /* CreateViewModel.swift */; };
		CD3BEFF92ADD42BD0027A04C /* CheckmarkPopoverView.swift in Sources */ = {isa = PBXBuildFile; fileRef = CD3BEFF82ADD42BD0027A04C /* CheckmarkPopoverView.swift */; };
		CD3BEFFC2ADDD3350027A04C /* CreateValidator.swift in Sources */ = {isa = PBXBuildFile; fileRef = CD3BEFFB2ADDD3340027A04C /* CreateValidator.swift */; };
		CD3BEFFF2ADDDBC50027A04C /* HapticsManager.swift in Sources */ = {isa = PBXBuildFile; fileRef = CD3BEFFE2ADDDBC50027A04C /* HapticsManager.swift */; };
		CD3BF0012ADDDF570027A04C /* SettingsView.swift in Sources */ = {isa = PBXBuildFile; fileRef = CD3BF0002ADDDF570027A04C /* SettingsView.swift */; };
		CD3BF0042ADDE1140027A04C /* UserDefaultsKeys.swift in Sources */ = {isa = PBXBuildFile; fileRef = CD3BF0032ADDE1140027A04C /* UserDefaultsKeys.swift */; };
		CD3BF0062ADDE2A90027A04C /* Endpoint.swift in Sources */ = {isa = PBXBuildFile; fileRef = CD3BF0052ADDE2A80027A04C /* Endpoint.swift */; };
		CDEF5E5E2ADFD0FF004DDA7E /* JSONMapperTests.swift in Sources */ = {isa = PBXBuildFile; fileRef = CDEF5E5D2ADFD0FF004DDA7E /* JSONMapperTests.swift */; };
		CDEF5E612ADFE12D004DDA7E /* CreateFormValidatorTests.swift in Sources */ = {isa = PBXBuildFile; fileRef = CDEF5E602ADFE12D004DDA7E /* CreateFormValidatorTests.swift */; };
		CDEF5E652AE0178D004DDA7E /* NetworkingEndpointTests.swift in Sources */ = {isa = PBXBuildFile; fileRef = CDEF5E642AE0178D004DDA7E /* NetworkingEndpointTests.swift */; };
		CDEF5E6D2AE0280F004DDA7E /* NetworkingManagerTests.swift in Sources */ = {isa = PBXBuildFile; fileRef = CDEF5E6C2AE0280F004DDA7E /* NetworkingManagerTests.swift */; };
		CDEF5E702AE11D8C004DDA7E /* PeopleViewModelSuccessTests.swift in Sources */ = {isa = PBXBuildFile; fileRef = CDEF5E6F2AE11D8B004DDA7E /* PeopleViewModelSuccessTests.swift */; };
		CDEF5E742AE12FB8004DDA7E /* PeopleViewModelFailureTests.swift in Sources */ = {isa = PBXBuildFile; fileRef = CDEF5E732AE12FB8004DDA7E /* PeopleViewModelFailureTests.swift */; };
		CDEF5E7F2AE15E72004DDA7E /* DetailsViewModelSuccessTests.swift in Sources */ = {isa = PBXBuildFile; fileRef = CDEF5E7E2AE15E72004DDA7E /* DetailsViewModelSuccessTests.swift */; };
		CDEF5E812AE15E8D004DDA7E /* DetailsViewModelFailureTests.swift in Sources */ = {isa = PBXBuildFile; fileRef = CDEF5E802AE15E8D004DDA7E /* DetailsViewModelFailureTests.swift */; };
/* End PBXBuildFile section */

/* Begin PBXContainerItemProxy section */
		CD18F1892AE2BC89004535AD /* PBXContainerItemProxy */ = {
			isa = PBXContainerItemProxy;
			containerPortal = CD3BEFA02AD73B720027A04C /* Project object */;
			proxyType = 1;
			remoteGlobalIDString = CD3BEFA72AD73B720027A04C;
			remoteInfo = PersonalPeopleAPI;
		};
		CDEF5E572ADFD0D8004DDA7E /* PBXContainerItemProxy */ = {
			isa = PBXContainerItemProxy;
			containerPortal = CD3BEFA02AD73B720027A04C /* Project object */;
			proxyType = 1;
			remoteGlobalIDString = CD3BEFA72AD73B720027A04C;
			remoteInfo = PersonalPeopleAPI;
		};
/* End PBXContainerItemProxy section */

/* Begin PBXFileReference section */
		CD18F1752AE2B215004535AD /* CreateViewModelSuccessTests.swift */ = {isa = PBXFileReference; lastKnownFileType = sourcecode.swift; path = CreateViewModelSuccessTests.swift; sourceTree = "<group>"; };
		CD18F1772AE2B5B1004535AD /* CreateValidatorFailureMock.swift */ = {isa = PBXFileReference; lastKnownFileType = sourcecode.swift; path = CreateValidatorFailureMock.swift; sourceTree = "<group>"; };
		CD18F1792AE2B62F004535AD /* CreateViewModelFailureTests.swift */ = {isa = PBXFileReference; lastKnownFileType = sourcecode.swift; path = CreateViewModelFailureTests.swift; sourceTree = "<group>"; };
		CD18F17B2AE2B697004535AD /* CreateViewModelValidationFailureTests.swift */ = {isa = PBXFileReference; lastKnownFileType = sourcecode.swift; path = CreateViewModelValidationFailureTests.swift; sourceTree = "<group>"; };
		CD18F17D2AE2BA9E004535AD /* NetworkingManagerCreateFailureMock.swift */ = {isa = PBXFileReference; lastKnownFileType = sourcecode.swift; path = NetworkingManagerCreateFailureMock.swift; sourceTree = "<group>"; };
		CD18F1832AE2BC89004535AD /* PersonalPeopleAPIUITests.xctest */ = {isa = PBXFileReference; explicitFileType = wrapper.cfbundle; includeInIndex = 0; path = PersonalPeopleAPIUITests.xctest; sourceTree = BUILT_PRODUCTS_DIR; };
		CD18F18F2AE2BDB6004535AD /* PeopleScreenUITests.swift */ = {isa = PBXFileReference; lastKnownFileType = sourcecode.swift; path = PeopleScreenUITests.swift; sourceTree = "<group>"; };
		CD18F1922AE2C1F0004535AD /* UITestingHelper.swift */ = {isa = PBXFileReference; lastKnownFileType = sourcecode.swift; path = UITestingHelper.swift; sourceTree = "<group>"; };
		CD18F19F2AE2DA46004535AD /* PeopleFailureUITests.swift */ = {isa = PBXFileReference; lastKnownFileType = sourcecode.swift; path = PeopleFailureUITests.swift; sourceTree = "<group>"; };
		CD3BEFA82AD73B720027A04C /* PersonalPeopleAPI.app */ = {isa = PBXFileReference; explicitFileType = wrapper.application; includeInIndex = 0; path = PersonalPeopleAPI.app; sourceTree = BUILT_PRODUCTS_DIR; };
		CD3BEFAB2AD73B720027A04C /* PersonalPeopleAPIApp.swift */ = {isa = PBXFileReference; lastKnownFileType = sourcecode.swift; path = PersonalPeopleAPIApp.swift; sourceTree = "<group>"; };
		CD3BEFAD2AD73B720027A04C /* ContentView.swift */ = {isa = PBXFileReference; lastKnownFileType = sourcecode.swift; path = ContentView.swift; sourceTree = "<group>"; };
		CD3BEFAF2AD73B780027A04C /* Assets.xcassets */ = {isa = PBXFileReference; lastKnownFileType = folder.assetcatalog; path = Assets.xcassets; sourceTree = "<group>"; };
		CD3BEFB22AD73B780027A04C /* Preview Assets.xcassets */ = {isa = PBXFileReference; lastKnownFileType = folder.assetcatalog; path = "Preview Assets.xcassets"; sourceTree = "<group>"; };
		CD3BEFBA2AD73CB90027A04C /* Symbols.swift */ = {isa = PBXFileReference; lastKnownFileType = sourcecode.swift; path = Symbols.swift; sourceTree = "<group>"; };
		CD3BEFBC2AD73E120027A04C /* Theme.swift */ = {isa = PBXFileReference; lastKnownFileType = sourcecode.swift; path = Theme.swift; sourceTree = "<group>"; };
		CD3BEFCE2AD743C10027A04C /* Info.plist */ = {isa = PBXFileReference; lastKnownFileType = text.plist; path = Info.plist; sourceTree = "<group>"; };
		CD3BEFD22AD7FAB10027A04C /* SingleUserData.json */ = {isa = PBXFileReference; lastKnownFileType = text.json; path = SingleUserData.json; sourceTree = "<group>"; };
		CD3BEFD62AD7FBE70027A04C /* UserDetailResponse.swift */ = {isa = PBXFileReference; lastKnownFileType = sourcecode.swift; path = UserDetailResponse.swift; sourceTree = "<group>"; };
		CD3BEFD82AD7FC690027A04C /* UsersResponse.swift */ = {isa = PBXFileReference; lastKnownFileType = sourcecode.swift; path = UsersResponse.swift; sourceTree = "<group>"; };
		CD3BEFDB2AD7FD140027A04C /* Models.swift */ = {isa = PBXFileReference; lastKnownFileType = sourcecode.swift; path = Models.swift; sourceTree = "<group>"; };
		CD3BEFDE2AD7FD670027A04C /* StaticJSONMapper.swift */ = {isa = PBXFileReference; lastKnownFileType = sourcecode.swift; path = StaticJSONMapper.swift; sourceTree = "<group>"; };
		CD3BEFE02AD8057B0027A04C /* UsersStaticData.json */ = {isa = PBXFileReference; lastKnownFileType = text.json; path = UsersStaticData.json; sourceTree = "<group>"; };
		CD3BEFE22AD8170B0027A04C /* PeopleView.swift */ = {isa = PBXFileReference; lastKnownFileType = sourcecode.swift; path = PeopleView.swift; sourceTree = "<group>"; };
		CD3BEFE42AD81D8C0027A04C /* PersonItemView.swift */ = {isa = PBXFileReference; lastKnownFileType = sourcecode.swift; path = PersonItemView.swift; sourceTree = "<group>"; };
		CD3BEFE72AD81E890027A04C /* PillView.swift */ = {isa = PBXFileReference; lastKnownFileType = sourcecode.swift; path = PillView.swift; sourceTree = "<group>"; };
		CD3BEFE92AD83A6A0027A04C /* DetailView.swift */ = {isa = PBXFileReference; lastKnownFileType = sourcecode.swift; path = DetailView.swift; sourceTree = "<group>"; };
		CD3BEFEB2AD9554A0027A04C /* CreateView.swift */ = {isa = PBXFileReference; lastKnownFileType = sourcecode.swift; path = CreateView.swift; sourceTree = "<group>"; };
		CD3BEFEE2AD95C1A0027A04C /* NetworkingManager.swift */ = {isa = PBXFileReference; lastKnownFileType = sourcecode.swift; path = NetworkingManager.swift; sourceTree = "<group>"; };
		CD3BEFF02AD965B00027A04C /* PeopleViewModel.swift */ = {isa = PBXFileReference; lastKnownFileType = sourcecode.swift; path = PeopleViewModel.swift; sourceTree = "<group>"; };
		CD3BEFF22AD96C000027A04C /* DetailViewModel.swift */ = {isa = PBXFileReference; lastKnownFileType = sourcecode.swift; path = DetailViewModel.swift; sourceTree = "<group>"; };
		CD3BEFF42ADD26500027A04C /* NewPerson.swift */ = {isa = PBXFileReference; lastKnownFileType = sourcecode.swift; path = NewPerson.swift; sourceTree = "<group>"; };
		CD3BEFF62ADD26B80027A04C /* CreateViewModel.swift */ = {isa = PBXFileReference; lastKnownFileType = sourcecode.swift; path = CreateViewModel.swift; sourceTree = "<group>"; };
		CD3BEFF82ADD42BD0027A04C /* CheckmarkPopoverView.swift */ = {isa = PBXFileReference; lastKnownFileType = sourcecode.swift; path = CheckmarkPopoverView.swift; sourceTree = "<group>"; };
		CD3BEFFB2ADDD3340027A04C /* CreateValidator.swift */ = {isa = PBXFileReference; lastKnownFileType = sourcecode.swift; path = CreateValidator.swift; sourceTree = "<group>"; };
		CD3BEFFE2ADDDBC50027A04C /* HapticsManager.swift */ = {isa = PBXFileReference; lastKnownFileType = sourcecode.swift; path = HapticsManager.swift; sourceTree = "<group>"; };
		CD3BF0002ADDDF570027A04C /* SettingsView.swift */ = {isa = PBXFileReference; lastKnownFileType = sourcecode.swift; path = SettingsView.swift; sourceTree = "<group>"; };
		CD3BF0032ADDE1140027A04C /* UserDefaultsKeys.swift */ = {isa = PBXFileReference; lastKnownFileType = sourcecode.swift; path = UserDefaultsKeys.swift; sourceTree = "<group>"; };
		CD3BF0052ADDE2A80027A04C /* Endpoint.swift */ = {isa = PBXFileReference; lastKnownFileType = sourcecode.swift; path = Endpoint.swift; sourceTree = "<group>"; };
		CDEF5E532ADFD0D8004DDA7E /* PersonalPeopleAPITests.xctest */ = {isa = PBXFileReference; explicitFileType = wrapper.cfbundle; includeInIndex = 0; path = PersonalPeopleAPITests.xctest; sourceTree = BUILT_PRODUCTS_DIR; };
		CDEF5E5D2ADFD0FF004DDA7E /* JSONMapperTests.swift */ = {isa = PBXFileReference; lastKnownFileType = sourcecode.swift; path = JSONMapperTests.swift; sourceTree = "<group>"; };
		CDEF5E602ADFE12D004DDA7E /* CreateFormValidatorTests.swift */ = {isa = PBXFileReference; lastKnownFileType = sourcecode.swift; path = CreateFormValidatorTests.swift; sourceTree = "<group>"; };
		CDEF5E642AE0178D004DDA7E /* NetworkingEndpointTests.swift */ = {isa = PBXFileReference; lastKnownFileType = sourcecode.swift; path = NetworkingEndpointTests.swift; sourceTree = "<group>"; };
		CDEF5E692AE02050004DDA7E /* MockURLSessionProtocol.swift */ = {isa = PBXFileReference; lastKnownFileType = sourcecode.swift; path = MockURLSessionProtocol.swift; sourceTree = "<group>"; };
		CDEF5E6C2AE0280F004DDA7E /* NetworkingManagerTests.swift */ = {isa = PBXFileReference; lastKnownFileType = sourcecode.swift; path = NetworkingManagerTests.swift; sourceTree = "<group>"; };
		CDEF5E6F2AE11D8B004DDA7E /* PeopleViewModelSuccessTests.swift */ = {isa = PBXFileReference; lastKnownFileType = sourcecode.swift; path = PeopleViewModelSuccessTests.swift; sourceTree = "<group>"; };
		CDEF5E712AE11F36004DDA7E /* NetworkingManagerUserResponseSuccessMock.swift */ = {isa = PBXFileReference; lastKnownFileType = sourcecode.swift; path = NetworkingManagerUserResponseSuccessMock.swift; sourceTree = "<group>"; };
		CDEF5E732AE12FB8004DDA7E /* PeopleViewModelFailureTests.swift */ = {isa = PBXFileReference; lastKnownFileType = sourcecode.swift; path = PeopleViewModelFailureTests.swift; sourceTree = "<group>"; };
		CDEF5E752AE12FF2004DDA7E /* NetworkingManagerUserResponseFailureMock.swift */ = {isa = PBXFileReference; lastKnownFileType = sourcecode.swift; path = NetworkingManagerUserResponseFailureMock.swift; sourceTree = "<group>"; };
		CDEF5E792AE15C02004DDA7E /* NetworkingManagerUserDetailsResponseSuccessMock.swift */ = {isa = PBXFileReference; lastKnownFileType = sourcecode.swift; path = NetworkingManagerUserDetailsResponseSuccessMock.swift; sourceTree = "<group>"; };
		CDEF5E7B2AE15D9B004DDA7E /* NetworkingManagerUserDetailsResponseFailureMock.swift */ = {isa = PBXFileReference; lastKnownFileType = sourcecode.swift; path = NetworkingManagerUserDetailsResponseFailureMock.swift; sourceTree = "<group>"; };
		CDEF5E7E2AE15E72004DDA7E /* DetailsViewModelSuccessTests.swift */ = {isa = PBXFileReference; lastKnownFileType = sourcecode.swift; path = DetailsViewModelSuccessTests.swift; sourceTree = "<group>"; };
		CDEF5E802AE15E8D004DDA7E /* DetailsViewModelFailureTests.swift */ = {isa = PBXFileReference; lastKnownFileType = sourcecode.swift; path = DetailsViewModelFailureTests.swift; sourceTree = "<group>"; };
		CDEF5E842AE27822004DDA7E /* NetworkingManagerCreateSuccessMock.swift */ = {isa = PBXFileReference; lastKnownFileType = sourcecode.swift; path = NetworkingManagerCreateSuccessMock.swift; sourceTree = "<group>"; };
		CDEF5E882AE279A5004DDA7E /* CreateValidatorSuccessMock.swift */ = {isa = PBXFileReference; lastKnownFileType = sourcecode.swift; path = CreateValidatorSuccessMock.swift; sourceTree = "<group>"; };
/* End PBXFileReference section */

/* Begin PBXFrameworksBuildPhase section */
		CD18F1802AE2BC89004535AD /* Frameworks */ = {
			isa = PBXFrameworksBuildPhase;
			buildActionMask = 2147483647;
			files = (
			);
			runOnlyForDeploymentPostprocessing = 0;
		};
		CD3BEFA52AD73B720027A04C /* Frameworks */ = {
			isa = PBXFrameworksBuildPhase;
			buildActionMask = 2147483647;
			files = (
			);
			runOnlyForDeploymentPostprocessing = 0;
		};
		CDEF5E502ADFD0D8004DDA7E /* Frameworks */ = {
			isa = PBXFrameworksBuildPhase;
			buildActionMask = 2147483647;
			files = (
			);
			runOnlyForDeploymentPostprocessing = 0;
		};
/* End PBXFrameworksBuildPhase section */

/* Begin PBXGroup section */
		CD18F1842AE2BC89004535AD /* PersonalPeopleAPIUITests */ = {
			isa = PBXGroup;
			children = (
				CD18F18E2AE2BD8E004535AD /* People */,
			);
			path = PersonalPeopleAPIUITests;
			sourceTree = "<group>";
		};
		CD18F18E2AE2BD8E004535AD /* People */ = {
			isa = PBXGroup;
			children = (
				CD18F18F2AE2BDB6004535AD /* PeopleScreenUITests.swift */,
				CD18F19F2AE2DA46004535AD /* PeopleFailureUITests.swift */,
			);
			path = People;
			sourceTree = "<group>";
		};
		CD18F1912AE2C1D3004535AD /* UITesting */ = {
			isa = PBXGroup;
			children = (
				CD18F1922AE2C1F0004535AD /* UITestingHelper.swift */,
			);
			path = UITesting;
			sourceTree = "<group>";
		};
		CD18F1942AE2C847004535AD /* Mocks */ = {
			isa = PBXGroup;
			children = (
				CDEF5E822AE277FB004DDA7E /* Create */,
				CDEF5E782AE15B9D004DDA7E /* UserDetails */,
				CDEF5E692AE02050004DDA7E /* MockURLSessionProtocol.swift */,
				CDEF5E772AE15B78004DDA7E /* UserResponse */,
				CD18F1952AE2C855004535AD /* Create */,
			);
			path = Mocks;
			sourceTree = "<group>";
		};
		CD18F1952AE2C855004535AD /* Create */ = {
			isa = PBXGroup;
			children = (
				CDEF5E882AE279A5004DDA7E /* CreateValidatorSuccessMock.swift */,
				CD18F1772AE2B5B1004535AD /* CreateValidatorFailureMock.swift */,
			);
			path = Create;
			sourceTree = "<group>";
		};
		CD3BEF9F2AD73B720027A04C = {
			isa = PBXGroup;
			children = (
				CD3BEFAA2AD73B720027A04C /* PersonalPeopleAPI */,
				CDEF5E542ADFD0D8004DDA7E /* PersonalPeopleAPITests */,
				CD18F1842AE2BC89004535AD /* PersonalPeopleAPIUITests */,
				CD3BEFA92AD73B720027A04C /* Products */,
			);
			sourceTree = "<group>";
		};
		CD3BEFA92AD73B720027A04C /* Products */ = {
			isa = PBXGroup;
			children = (
				CD3BEFA82AD73B720027A04C /* PersonalPeopleAPI.app */,
				CDEF5E532ADFD0D8004DDA7E /* PersonalPeopleAPITests.xctest */,
				CD18F1832AE2BC89004535AD /* PersonalPeopleAPIUITests.xctest */,
			);
			name = Products;
			sourceTree = "<group>";
		};
		CD3BEFAA2AD73B720027A04C /* PersonalPeopleAPI */ = {
			isa = PBXGroup;
			children = (
				CD18F1942AE2C847004535AD /* Mocks */,
				CD18F1912AE2C1D3004535AD /* UITesting */,
				CD3BEFCE2AD743C10027A04C /* Info.plist */,
				CD3BEFBF2AD73F760027A04C /* Features */,
				CD3BEFBE2AD73F6B0027A04C /* Base */,
				CD3BEFB92AD73C270027A04C /* Resources */,
				CD3BEFAB2AD73B720027A04C /* PersonalPeopleAPIApp.swift */,
				CD3BEFAD2AD73B720027A04C /* ContentView.swift */,
				CD3BEFAF2AD73B780027A04C /* Assets.xcassets */,
				CD3BEFB12AD73B780027A04C /* Preview Content */,
			);
			path = PersonalPeopleAPI;
			sourceTree = "<group>";
		};
		CD3BEFB12AD73B780027A04C /* Preview Content */ = {
			isa = PBXGroup;
			children = (
				CD3BEFB22AD73B780027A04C /* Preview Assets.xcassets */,
			);
			path = "Preview Content";
			sourceTree = "<group>";
		};
		CD3BEFB92AD73C270027A04C /* Resources */ = {
			isa = PBXGroup;
			children = (
				CD3BEFCF2AD7F9360027A04C /* JSON */,
				CD3BEFBA2AD73CB90027A04C /* Symbols.swift */,
				CD3BEFBC2AD73E120027A04C /* Theme.swift */,
			);
			path = Resources;
			sourceTree = "<group>";
		};
		CD3BEFBE2AD73F6B0027A04C /* Base */ = {
			isa = PBXGroup;
			children = (
				CD3BF0022ADDE0EB0027A04C /* UserDefaults */,
				CD3BEFFD2ADDDBB00027A04C /* Haptics */,
				CD3BEFED2AD95C000027A04C /* API */,
				CD3BEFE62AD81E760027A04C /* Views */,
				CD3BEFDD2AD7FD560027A04C /* Mapper */,
				CD3BEFDA2AD7FD030027A04C /* Model */,
			);
			path = Base;
			sourceTree = "<group>";
		};
		CD3BEFBF2AD73F760027A04C /* Features */ = {
			isa = PBXGroup;
			children = (
				CD3BEFC02AD73F7F0027A04C /* People */,
				CD3BEFC22AD73F8B0027A04C /* Detail */,
				CD3BEFC32AD73F910027A04C /* Settings */,
				CD3BEFC12AD73F860027A04C /* Create */,
			);
			path = Features;
			sourceTree = "<group>";
		};
		CD3BEFC02AD73F7F0027A04C /* People */ = {
			isa = PBXGroup;
			children = (
				CD3BEFC52AD73FAC0027A04C /* Model */,
				CD3BEFC62AD73FB00027A04C /* Views */,
				CD3BEFC42AD73FA20027A04C /* View Models */,
			);
			path = People;
			sourceTree = "<group>";
		};
		CD3BEFC12AD73F860027A04C /* Create */ = {
			isa = PBXGroup;
			children = (
				CD3BEFFA2ADDD31C0027A04C /* Validator */,
				CD3BEFC82AD73FF40027A04C /* Model */,
				CD3BEFC92AD73FFD0027A04C /* Views */,
				CD3BEFC72AD73FEA0027A04C /* View Models */,
			);
			path = Create;
			sourceTree = "<group>";
		};
		CD3BEFC22AD73F8B0027A04C /* Detail */ = {
			isa = PBXGroup;
			children = (
				CD3BEFCB2AD7400D0027A04C /* Model */,
				CD3BEFCC2AD740110027A04C /* Views */,
				CD3BEFCA2AD740060027A04C /* View Models */,
			);
			path = Detail;
			sourceTree = "<group>";
		};
		CD3BEFC32AD73F910027A04C /* Settings */ = {
			isa = PBXGroup;
			children = (
				CD3BEFCD2AD740260027A04C /* Views */,
			);
			path = Settings;
			sourceTree = "<group>";
		};
		CD3BEFC42AD73FA20027A04C /* View Models */ = {
			isa = PBXGroup;
			children = (
				CD3BEFF02AD965B00027A04C /* PeopleViewModel.swift */,
			);
			path = "View Models";
			sourceTree = "<group>";
		};
		CD3BEFC52AD73FAC0027A04C /* Model */ = {
			isa = PBXGroup;
			children = (
				CD3BEFD82AD7FC690027A04C /* UsersResponse.swift */,
			);
			path = Model;
			sourceTree = "<group>";
		};
		CD3BEFC62AD73FB00027A04C /* Views */ = {
			isa = PBXGroup;
			children = (
				CD3BEFE22AD8170B0027A04C /* PeopleView.swift */,
				CD3BEFE42AD81D8C0027A04C /* PersonItemView.swift */,
			);
			path = Views;
			sourceTree = "<group>";
		};
		CD3BEFC72AD73FEA0027A04C /* View Models */ = {
			isa = PBXGroup;
			children = (
				CD3BEFF62ADD26B80027A04C /* CreateViewModel.swift */,
			);
			path = "View Models";
			sourceTree = "<group>";
		};
		CD3BEFC82AD73FF40027A04C /* Model */ = {
			isa = PBXGroup;
			children = (
				CD3BEFF42ADD26500027A04C /* NewPerson.swift */,
			);
			path = Model;
			sourceTree = "<group>";
		};
		CD3BEFC92AD73FFD0027A04C /* Views */ = {
			isa = PBXGroup;
			children = (
				CD3BEFEB2AD9554A0027A04C /* CreateView.swift */,
			);
			path = Views;
			sourceTree = "<group>";
		};
		CD3BEFCA2AD740060027A04C /* View Models */ = {
			isa = PBXGroup;
			children = (
				CD3BEFF22AD96C000027A04C /* DetailViewModel.swift */,
			);
			path = "View Models";
			sourceTree = "<group>";
		};
		CD3BEFCB2AD7400D0027A04C /* Model */ = {
			isa = PBXGroup;
			children = (
				CD3BEFD62AD7FBE70027A04C /* UserDetailResponse.swift */,
			);
			path = Model;
			sourceTree = "<group>";
		};
		CD3BEFCC2AD740110027A04C /* Views */ = {
			isa = PBXGroup;
			children = (
				CD3BEFE92AD83A6A0027A04C /* DetailView.swift */,
			);
			path = Views;
			sourceTree = "<group>";
		};
		CD3BEFCD2AD740260027A04C /* Views */ = {
			isa = PBXGroup;
			children = (
				CD3BF0002ADDDF570027A04C /* SettingsView.swift */,
			);
			path = Views;
			sourceTree = "<group>";
		};
		CD3BEFCF2AD7F9360027A04C /* JSON */ = {
			isa = PBXGroup;
			children = (
				CD3BEFE02AD8057B0027A04C /* UsersStaticData.json */,
				CD3BEFD22AD7FAB10027A04C /* SingleUserData.json */,
			);
			path = JSON;
			sourceTree = "<group>";
		};
		CD3BEFDA2AD7FD030027A04C /* Model */ = {
			isa = PBXGroup;
			children = (
				CD3BEFDB2AD7FD140027A04C /* Models.swift */,
			);
			path = Model;
			sourceTree = "<group>";
		};
		CD3BEFDD2AD7FD560027A04C /* Mapper */ = {
			isa = PBXGroup;
			children = (
				CD3BEFDE2AD7FD670027A04C /* StaticJSONMapper.swift */,
			);
			path = Mapper;
			sourceTree = "<group>";
		};
		CD3BEFE62AD81E760027A04C /* Views */ = {
			isa = PBXGroup;
			children = (
				CD3BEFE72AD81E890027A04C /* PillView.swift */,
				CD3BEFF82ADD42BD0027A04C /* CheckmarkPopoverView.swift */,
			);
			path = Views;
			sourceTree = "<group>";
		};
		CD3BEFED2AD95C000027A04C /* API */ = {
			isa = PBXGroup;
			children = (
				CD3BEFEE2AD95C1A0027A04C /* NetworkingManager.swift */,
				CD3BF0052ADDE2A80027A04C /* Endpoint.swift */,
			);
			path = API;
			sourceTree = "<group>";
		};
		CD3BEFFA2ADDD31C0027A04C /* Validator */ = {
			isa = PBXGroup;
			children = (
				CD3BEFFB2ADDD3340027A04C /* CreateValidator.swift */,
			);
			path = Validator;
			sourceTree = "<group>";
		};
		CD3BEFFD2ADDDBB00027A04C /* Haptics */ = {
			isa = PBXGroup;
			children = (
				CD3BEFFE2ADDDBC50027A04C /* HapticsManager.swift */,
			);
			path = Haptics;
			sourceTree = "<group>";
		};
		CD3BF0022ADDE0EB0027A04C /* UserDefaults */ = {
			isa = PBXGroup;
			children = (
				CD3BF0032ADDE1140027A04C /* UserDefaultsKeys.swift */,
			);
			path = UserDefaults;
			sourceTree = "<group>";
		};
		CDEF5E542ADFD0D8004DDA7E /* PersonalPeopleAPITests */ = {
			isa = PBXGroup;
			children = (
				CDEF5E862AE2796C004DDA7E /* Create */,
				CDEF5E7D2AE15E4C004DDA7E /* Details */,
				CDEF5E6E2AE11D57004DDA7E /* People */,
				CDEF5E622AE01762004DDA7E /* Networking */,
				CDEF5E5F2ADFE0C2004DDA7E /* Form */,
				CDEF5E5C2ADFD0EE004DDA7E /* Mapper */,
			);
			path = PersonalPeopleAPITests;
			sourceTree = "<group>";
		};
		CDEF5E5C2ADFD0EE004DDA7E /* Mapper */ = {
			isa = PBXGroup;
			children = (
				CDEF5E5D2ADFD0FF004DDA7E /* JSONMapperTests.swift */,
			);
			path = Mapper;
			sourceTree = "<group>";
		};
		CDEF5E5F2ADFE0C2004DDA7E /* Form */ = {
			isa = PBXGroup;
			children = (
				CDEF5E602ADFE12D004DDA7E /* CreateFormValidatorTests.swift */,
			);
			path = Form;
			sourceTree = "<group>";
		};
		CDEF5E622AE01762004DDA7E /* Networking */ = {
			isa = PBXGroup;
			children = (
				CDEF5E6B2AE027CC004DDA7E /* NetworkingManager */,
				CDEF5E632AE0176A004DDA7E /* Endpoint */,
			);
			path = Networking;
			sourceTree = "<group>";
		};
		CDEF5E632AE0176A004DDA7E /* Endpoint */ = {
			isa = PBXGroup;
			children = (
				CDEF5E642AE0178D004DDA7E /* NetworkingEndpointTests.swift */,
			);
			path = Endpoint;
			sourceTree = "<group>";
		};
		CDEF5E6B2AE027CC004DDA7E /* NetworkingManager */ = {
			isa = PBXGroup;
			children = (
				CDEF5E6C2AE0280F004DDA7E /* NetworkingManagerTests.swift */,
			);
			path = NetworkingManager;
			sourceTree = "<group>";
		};
		CDEF5E6E2AE11D57004DDA7E /* People */ = {
			isa = PBXGroup;
			children = (
				CDEF5E6F2AE11D8B004DDA7E /* PeopleViewModelSuccessTests.swift */,
				CDEF5E732AE12FB8004DDA7E /* PeopleViewModelFailureTests.swift */,
			);
			path = People;
			sourceTree = "<group>";
		};
		CDEF5E772AE15B78004DDA7E /* UserResponse */ = {
			isa = PBXGroup;
			children = (
				CDEF5E712AE11F36004DDA7E /* NetworkingManagerUserResponseSuccessMock.swift */,
				CDEF5E752AE12FF2004DDA7E /* NetworkingManagerUserResponseFailureMock.swift */,
			);
			path = UserResponse;
			sourceTree = "<group>";
		};
		CDEF5E782AE15B9D004DDA7E /* UserDetails */ = {
			isa = PBXGroup;
			children = (
				CDEF5E792AE15C02004DDA7E /* NetworkingManagerUserDetailsResponseSuccessMock.swift */,
				CDEF5E7B2AE15D9B004DDA7E /* NetworkingManagerUserDetailsResponseFailureMock.swift */,
			);
			path = UserDetails;
			sourceTree = "<group>";
		};
		CDEF5E7D2AE15E4C004DDA7E /* Details */ = {
			isa = PBXGroup;
			children = (
				CDEF5E7E2AE15E72004DDA7E /* DetailsViewModelSuccessTests.swift */,
				CDEF5E802AE15E8D004DDA7E /* DetailsViewModelFailureTests.swift */,
			);
			path = Details;
			sourceTree = "<group>";
		};
		CDEF5E822AE277FB004DDA7E /* Create */ = {
			isa = PBXGroup;
			children = (
				CDEF5E842AE27822004DDA7E /* NetworkingManagerCreateSuccessMock.swift */,
				CD18F17D2AE2BA9E004535AD /* NetworkingManagerCreateFailureMock.swift */,
			);
			name = Create;
			path = ../../PersonalPeopleAPITests/Networking/Mocks/Create;
			sourceTree = "<group>";
		};
		CDEF5E862AE2796C004DDA7E /* Create */ = {
			isa = PBXGroup;
			children = (
				CD18F1752AE2B215004535AD /* CreateViewModelSuccessTests.swift */,
				CD18F1792AE2B62F004535AD /* CreateViewModelFailureTests.swift */,
				CD18F17B2AE2B697004535AD /* CreateViewModelValidationFailureTests.swift */,
			);
			path = Create;
			sourceTree = "<group>";
		};
/* End PBXGroup section */

/* Begin PBXNativeTarget section */
		CD18F1822AE2BC89004535AD /* PersonalPeopleAPIUITests */ = {
			isa = PBXNativeTarget;
			buildConfigurationList = CD18F18B2AE2BC89004535AD /* Build configuration list for PBXNativeTarget "PersonalPeopleAPIUITests" */;
			buildPhases = (
				CD18F17F2AE2BC89004535AD /* Sources */,
				CD18F1802AE2BC89004535AD /* Frameworks */,
				CD18F1812AE2BC89004535AD /* Resources */,
			);
			buildRules = (
			);
			dependencies = (
				CD18F18A2AE2BC89004535AD /* PBXTargetDependency */,
			);
			name = PersonalPeopleAPIUITests;
			productName = PersonalPeopleAPIUITests;
			productReference = CD18F1832AE2BC89004535AD /* PersonalPeopleAPIUITests.xctest */;
			productType = "com.apple.product-type.bundle.ui-testing";
		};
		CD3BEFA72AD73B720027A04C /* PersonalPeopleAPI */ = {
			isa = PBXNativeTarget;
			buildConfigurationList = CD3BEFB62AD73B780027A04C /* Build configuration list for PBXNativeTarget "PersonalPeopleAPI" */;
			buildPhases = (
				CD3BEFA42AD73B720027A04C /* Sources */,
				CD3BEFA52AD73B720027A04C /* Frameworks */,
				CD3BEFA62AD73B720027A04C /* Resources */,
			);
			buildRules = (
			);
			dependencies = (
			);
			name = PersonalPeopleAPI;
			productName = PersonalPeopleAPI;
			productReference = CD3BEFA82AD73B720027A04C /* PersonalPeopleAPI.app */;
			productType = "com.apple.product-type.application";
		};
		CDEF5E522ADFD0D8004DDA7E /* PersonalPeopleAPITests */ = {
			isa = PBXNativeTarget;
			buildConfigurationList = CDEF5E5B2ADFD0D8004DDA7E /* Build configuration list for PBXNativeTarget "PersonalPeopleAPITests" */;
			buildPhases = (
				CDEF5E4F2ADFD0D8004DDA7E /* Sources */,
				CDEF5E502ADFD0D8004DDA7E /* Frameworks */,
				CDEF5E512ADFD0D8004DDA7E /* Resources */,
			);
			buildRules = (
			);
			dependencies = (
				CDEF5E582ADFD0D8004DDA7E /* PBXTargetDependency */,
			);
			name = PersonalPeopleAPITests;
			productName = PersonalPeopleAPITests;
			productReference = CDEF5E532ADFD0D8004DDA7E /* PersonalPeopleAPITests.xctest */;
			productType = "com.apple.product-type.bundle.unit-test";
		};
/* End PBXNativeTarget section */

/* Begin PBXProject section */
		CD3BEFA02AD73B720027A04C /* Project object */ = {
			isa = PBXProject;
			attributes = {
				BuildIndependentTargetsInParallel = 1;
				LastSwiftUpdateCheck = 1500;
				LastUpgradeCheck = 1500;
				TargetAttributes = {
					CD18F1822AE2BC89004535AD = {
						CreatedOnToolsVersion = 15.0.1;
						LastSwiftMigration = 1500;
						TestTargetID = CD3BEFA72AD73B720027A04C;
					};
					CD3BEFA72AD73B720027A04C = {
						CreatedOnToolsVersion = 15.0;
					};
					CDEF5E522ADFD0D8004DDA7E = {
						CreatedOnToolsVersion = 15.0;
						TestTargetID = CD3BEFA72AD73B720027A04C;
					};
				};
			};
			buildConfigurationList = CD3BEFA32AD73B720027A04C /* Build configuration list for PBXProject "PersonalPeopleAPI" */;
			compatibilityVersion = "Xcode 14.0";
			developmentRegion = en;
			hasScannedForEncodings = 0;
			knownRegions = (
				en,
				Base,
			);
			mainGroup = CD3BEF9F2AD73B720027A04C;
			productRefGroup = CD3BEFA92AD73B720027A04C /* Products */;
			projectDirPath = "";
			projectRoot = "";
			targets = (
				CD3BEFA72AD73B720027A04C /* PersonalPeopleAPI */,
				CDEF5E522ADFD0D8004DDA7E /* PersonalPeopleAPITests */,
				CD18F1822AE2BC89004535AD /* PersonalPeopleAPIUITests */,
			);
		};
/* End PBXProject section */

/* Begin PBXResourcesBuildPhase section */
		CD18F1812AE2BC89004535AD /* Resources */ = {
			isa = PBXResourcesBuildPhase;
			buildActionMask = 2147483647;
			files = (
			);
			runOnlyForDeploymentPostprocessing = 0;
		};
		CD3BEFA62AD73B720027A04C /* Resources */ = {
			isa = PBXResourcesBuildPhase;
			buildActionMask = 2147483647;
			files = (
				CD3BEFE12AD8057B0027A04C /* UsersStaticData.json in Resources */,
				CD3BEFB32AD73B780027A04C /* Preview Assets.xcassets in Resources */,
				CD3BEFD32AD7FAB10027A04C /* SingleUserData.json in Resources */,
				CD3BEFB02AD73B780027A04C /* Assets.xcassets in Resources */,
			);
			runOnlyForDeploymentPostprocessing = 0;
		};
		CDEF5E512ADFD0D8004DDA7E /* Resources */ = {
			isa = PBXResourcesBuildPhase;
			buildActionMask = 2147483647;
			files = (
			);
			runOnlyForDeploymentPostprocessing = 0;
		};
/* End PBXResourcesBuildPhase section */

/* Begin PBXSourcesBuildPhase section */
		CD18F17F2AE2BC89004535AD /* Sources */ = {
			isa = PBXSourcesBuildPhase;
			buildActionMask = 2147483647;
			files = (
				CD18F1902AE2BDB6004535AD /* PeopleScreenUITests.swift in Sources */,
				CD18F1A02AE2DA46004535AD /* PeopleFailureUITests.swift in Sources */,
			);
			runOnlyForDeploymentPostprocessing = 0;
		};
		CD3BEFA42AD73B720027A04C /* Sources */ = {
			isa = PBXSourcesBuildPhase;
			buildActionMask = 2147483647;
			files = (
				CD3BEFDF2AD7FD670027A04C /* StaticJSONMapper.swift in Sources */,
				CD18F19D2AE2CE1B004535AD /* CreateValidatorSuccessMock.swift in Sources */,
				CD18F1992AE2CD28004535AD /* NetworkingManagerUserDetailsResponseFailureMock.swift in Sources */,
				CD3BEFEA2AD83A6B0027A04C /* DetailView.swift in Sources */,
				CD3BEFFC2ADDD3350027A04C /* CreateValidator.swift in Sources */,
				CD3BEFBB2AD73CB90027A04C /* Symbols.swift in Sources */,
				CD3BEFE32AD8170B0027A04C /* PeopleView.swift in Sources */,
				CD3BEFBD2AD73E120027A04C /* Theme.swift in Sources */,
				CD3BEFF52ADD26500027A04C /* NewPerson.swift in Sources */,
				CD3BEFF72ADD26B80027A04C /* CreateViewModel.swift in Sources */,
				CD3BEFAE2AD73B720027A04C /* ContentView.swift in Sources */,
				CD3BEFFF2ADDDBC50027A04C /* HapticsManager.swift in Sources */,
				CD18F19B2AE2CDEA004535AD /* NetworkingManagerUserResponseSuccessMock.swift in Sources */,
				CD18F19C2AE2CDFD004535AD /* NetworkingManagerUserResponseFailureMock.swift in Sources */,
				CD18F1972AE2CC8D004535AD /* NetworkingManagerCreateFailureMock.swift in Sources */,
				CD3BF0062ADDE2A90027A04C /* Endpoint.swift in Sources */,
				CD3BEFD72AD7FBE70027A04C /* UserDetailResponse.swift in Sources */,
				CD3BEFE82AD81E890027A04C /* PillView.swift in Sources */,
				CD3BEFEC2AD9554A0027A04C /* CreateView.swift in Sources */,
				CD3BEFAC2AD73B720027A04C /* PersonalPeopleAPIApp.swift in Sources */,
				CD3BF0042ADDE1140027A04C /* UserDefaultsKeys.swift in Sources */,
				CD3BEFD92AD7FC690027A04C /* UsersResponse.swift in Sources */,
				CD18F19E2AE2CE34004535AD /* CreateValidatorFailureMock.swift in Sources */,
				CD18F1982AE2CCE8004535AD /* NetworkingManagerUserDetailsResponseSuccessMock.swift in Sources */,
				CD3BEFE52AD81D8C0027A04C /* PersonItemView.swift in Sources */,
				CD3BEFDC2AD7FD140027A04C /* Models.swift in Sources */,
				CD3BEFF12AD965B00027A04C /* PeopleViewModel.swift in Sources */,
				CD3BEFEF2AD95C1A0027A04C /* NetworkingManager.swift in Sources */,
				CD18F1962AE2CC5A004535AD /* NetworkingManagerCreateSuccessMock.swift in Sources */,
				CD3BEFF92ADD42BD0027A04C /* CheckmarkPopoverView.swift in Sources */,
				CD18F19A2AE2CDB8004535AD /* MockURLSessionProtocol.swift in Sources */,
				CD3BEFF32AD96C000027A04C /* DetailViewModel.swift in Sources */,
				CD18F1932AE2C1F0004535AD /* UITestingHelper.swift in Sources */,
				CD3BF0012ADDDF570027A04C /* SettingsView.swift in Sources */,
			);
			runOnlyForDeploymentPostprocessing = 0;
		};
		CDEF5E4F2ADFD0D8004DDA7E /* Sources */ = {
			isa = PBXSourcesBuildPhase;
			buildActionMask = 2147483647;
			files = (
				CDEF5E742AE12FB8004DDA7E /* PeopleViewModelFailureTests.swift in Sources */,
				CD18F17C2AE2B697004535AD /* CreateViewModelValidationFailureTests.swift in Sources */,
				CDEF5E6D2AE0280F004DDA7E /* NetworkingManagerTests.swift in Sources */,
				CDEF5E812AE15E8D004DDA7E /* DetailsViewModelFailureTests.swift in Sources */,
				CDEF5E612ADFE12D004DDA7E /* CreateFormValidatorTests.swift in Sources */,
				CD18F1762AE2B215004535AD /* CreateViewModelSuccessTests.swift in Sources */,
				CD18F17A2AE2B62F004535AD /* CreateViewModelFailureTests.swift in Sources */,
				CDEF5E5E2ADFD0FF004DDA7E /* JSONMapperTests.swift in Sources */,
				CDEF5E7F2AE15E72004DDA7E /* DetailsViewModelSuccessTests.swift in Sources */,
				CDEF5E702AE11D8C004DDA7E /* PeopleViewModelSuccessTests.swift in Sources */,
				CDEF5E652AE0178D004DDA7E /* NetworkingEndpointTests.swift in Sources */,
			);
			runOnlyForDeploymentPostprocessing = 0;
		};
/* End PBXSourcesBuildPhase section */

/* Begin PBXTargetDependency section */
		CD18F18A2AE2BC89004535AD /* PBXTargetDependency */ = {
			isa = PBXTargetDependency;
			target = CD3BEFA72AD73B720027A04C /* PersonalPeopleAPI */;
			targetProxy = CD18F1892AE2BC89004535AD /* PBXContainerItemProxy */;
		};
		CDEF5E582ADFD0D8004DDA7E /* PBXTargetDependency */ = {
			isa = PBXTargetDependency;
			target = CD3BEFA72AD73B720027A04C /* PersonalPeopleAPI */;
			targetProxy = CDEF5E572ADFD0D8004DDA7E /* PBXContainerItemProxy */;
		};
/* End PBXTargetDependency section */

/* Begin XCBuildConfiguration section */
		CD18F18C2AE2BC89004535AD /* Debug */ = {
			isa = XCBuildConfiguration;
			buildSettings = {
				CLANG_ENABLE_MODULES = YES;
				CODE_SIGN_STYLE = Automatic;
				CURRENT_PROJECT_VERSION = 1;
				DEVELOPMENT_TEAM = JKR3XZ5TBQ;
				GENERATE_INFOPLIST_FILE = YES;
				MARKETING_VERSION = 1.0;
				PRODUCT_BUNDLE_IDENTIFIER = com.manishparihar.PersonalPeopleAPIUITests;
				PRODUCT_NAME = "$(TARGET_NAME)";
				SWIFT_EMIT_LOC_STRINGS = NO;
				SWIFT_OPTIMIZATION_LEVEL = "-Onone";
				SWIFT_VERSION = 5.0;
				TARGETED_DEVICE_FAMILY = "1,2";
				TEST_TARGET_NAME = PersonalPeopleAPI;
			};
			name = Debug;
		};
		CD18F18D2AE2BC89004535AD /* Release */ = {
			isa = XCBuildConfiguration;
			buildSettings = {
				CLANG_ENABLE_MODULES = YES;
				CODE_SIGN_STYLE = Automatic;
				CURRENT_PROJECT_VERSION = 1;
				DEVELOPMENT_TEAM = JKR3XZ5TBQ;
				GENERATE_INFOPLIST_FILE = YES;
				MARKETING_VERSION = 1.0;
				PRODUCT_BUNDLE_IDENTIFIER = com.manishparihar.PersonalPeopleAPIUITests;
				PRODUCT_NAME = "$(TARGET_NAME)";
				SWIFT_EMIT_LOC_STRINGS = NO;
				SWIFT_VERSION = 5.0;
				TARGETED_DEVICE_FAMILY = "1,2";
				TEST_TARGET_NAME = PersonalPeopleAPI;
			};
			name = Release;
		};
		CD3BEFB42AD73B780027A04C /* Debug */ = {
			isa = XCBuildConfiguration;
			buildSettings = {
				ALWAYS_SEARCH_USER_PATHS = NO;
				ASSETCATALOG_COMPILER_GENERATE_SWIFT_ASSET_SYMBOL_EXTENSIONS = YES;
				CLANG_ANALYZER_NONNULL = YES;
				CLANG_ANALYZER_NUMBER_OBJECT_CONVERSION = YES_AGGRESSIVE;
				CLANG_CXX_LANGUAGE_STANDARD = "gnu++20";
				CLANG_ENABLE_MODULES = YES;
				CLANG_ENABLE_OBJC_ARC = YES;
				CLANG_ENABLE_OBJC_WEAK = YES;
				CLANG_WARN_BLOCK_CAPTURE_AUTORELEASING = YES;
				CLANG_WARN_BOOL_CONVERSION = YES;
				CLANG_WARN_COMMA = YES;
				CLANG_WARN_CONSTANT_CONVERSION = YES;
				CLANG_WARN_DEPRECATED_OBJC_IMPLEMENTATIONS = YES;
				CLANG_WARN_DIRECT_OBJC_ISA_USAGE = YES_ERROR;
				CLANG_WARN_DOCUMENTATION_COMMENTS = YES;
				CLANG_WARN_EMPTY_BODY = YES;
				CLANG_WARN_ENUM_CONVERSION = YES;
				CLANG_WARN_INFINITE_RECURSION = YES;
				CLANG_WARN_INT_CONVERSION = YES;
				CLANG_WARN_NON_LITERAL_NULL_CONVERSION = YES;
				CLANG_WARN_OBJC_IMPLICIT_RETAIN_SELF = YES;
				CLANG_WARN_OBJC_LITERAL_CONVERSION = YES;
				CLANG_WARN_OBJC_ROOT_CLASS = YES_ERROR;
				CLANG_WARN_QUOTED_INCLUDE_IN_FRAMEWORK_HEADER = YES;
				CLANG_WARN_RANGE_LOOP_ANALYSIS = YES;
				CLANG_WARN_STRICT_PROTOTYPES = YES;
				CLANG_WARN_SUSPICIOUS_MOVE = YES;
				CLANG_WARN_UNGUARDED_AVAILABILITY = YES_AGGRESSIVE;
				CLANG_WARN_UNREACHABLE_CODE = YES;
				CLANG_WARN__DUPLICATE_METHOD_MATCH = YES;
				COPY_PHASE_STRIP = NO;
				DEBUG_INFORMATION_FORMAT = dwarf;
				ENABLE_STRICT_OBJC_MSGSEND = YES;
				ENABLE_TESTABILITY = YES;
				ENABLE_USER_SCRIPT_SANDBOXING = YES;
				GCC_C_LANGUAGE_STANDARD = gnu17;
				GCC_DYNAMIC_NO_PIC = NO;
				GCC_NO_COMMON_BLOCKS = YES;
				GCC_OPTIMIZATION_LEVEL = 0;
				GCC_PREPROCESSOR_DEFINITIONS = (
					"DEBUG=1",
					"$(inherited)",
				);
				GCC_WARN_64_TO_32_BIT_CONVERSION = YES;
				GCC_WARN_ABOUT_RETURN_TYPE = YES_ERROR;
				GCC_WARN_UNDECLARED_SELECTOR = YES;
				GCC_WARN_UNINITIALIZED_AUTOS = YES_AGGRESSIVE;
				GCC_WARN_UNUSED_FUNCTION = YES;
				GCC_WARN_UNUSED_VARIABLE = YES;
				IPHONEOS_DEPLOYMENT_TARGET = 17.0;
				LOCALIZATION_PREFERS_STRING_CATALOGS = YES;
				MTL_ENABLE_DEBUG_INFO = INCLUDE_SOURCE;
				MTL_FAST_MATH = YES;
				ONLY_ACTIVE_ARCH = YES;
				SDKROOT = iphoneos;
				SWIFT_ACTIVE_COMPILATION_CONDITIONS = "DEBUG $(inherited)";
				SWIFT_OPTIMIZATION_LEVEL = "-Onone";
			};
			name = Debug;
		};
		CD3BEFB52AD73B780027A04C /* Release */ = {
			isa = XCBuildConfiguration;
			buildSettings = {
				ALWAYS_SEARCH_USER_PATHS = NO;
				ASSETCATALOG_COMPILER_GENERATE_SWIFT_ASSET_SYMBOL_EXTENSIONS = YES;
				CLANG_ANALYZER_NONNULL = YES;
				CLANG_ANALYZER_NUMBER_OBJECT_CONVERSION = YES_AGGRESSIVE;
				CLANG_CXX_LANGUAGE_STANDARD = "gnu++20";
				CLANG_ENABLE_MODULES = YES;
				CLANG_ENABLE_OBJC_ARC = YES;
				CLANG_ENABLE_OBJC_WEAK = YES;
				CLANG_WARN_BLOCK_CAPTURE_AUTORELEASING = YES;
				CLANG_WARN_BOOL_CONVERSION = YES;
				CLANG_WARN_COMMA = YES;
				CLANG_WARN_CONSTANT_CONVERSION = YES;
				CLANG_WARN_DEPRECATED_OBJC_IMPLEMENTATIONS = YES;
				CLANG_WARN_DIRECT_OBJC_ISA_USAGE = YES_ERROR;
				CLANG_WARN_DOCUMENTATION_COMMENTS = YES;
				CLANG_WARN_EMPTY_BODY = YES;
				CLANG_WARN_ENUM_CONVERSION = YES;
				CLANG_WARN_INFINITE_RECURSION = YES;
				CLANG_WARN_INT_CONVERSION = YES;
				CLANG_WARN_NON_LITERAL_NULL_CONVERSION = YES;
				CLANG_WARN_OBJC_IMPLICIT_RETAIN_SELF = YES;
				CLANG_WARN_OBJC_LITERAL_CONVERSION = YES;
				CLANG_WARN_OBJC_ROOT_CLASS = YES_ERROR;
				CLANG_WARN_QUOTED_INCLUDE_IN_FRAMEWORK_HEADER = YES;
				CLANG_WARN_RANGE_LOOP_ANALYSIS = YES;
				CLANG_WARN_STRICT_PROTOTYPES = YES;
				CLANG_WARN_SUSPICIOUS_MOVE = YES;
				CLANG_WARN_UNGUARDED_AVAILABILITY = YES_AGGRESSIVE;
				CLANG_WARN_UNREACHABLE_CODE = YES;
				CLANG_WARN__DUPLICATE_METHOD_MATCH = YES;
				COPY_PHASE_STRIP = NO;
				DEBUG_INFORMATION_FORMAT = "dwarf-with-dsym";
				ENABLE_NS_ASSERTIONS = NO;
				ENABLE_STRICT_OBJC_MSGSEND = YES;
				ENABLE_USER_SCRIPT_SANDBOXING = YES;
				GCC_C_LANGUAGE_STANDARD = gnu17;
				GCC_NO_COMMON_BLOCKS = YES;
				GCC_WARN_64_TO_32_BIT_CONVERSION = YES;
				GCC_WARN_ABOUT_RETURN_TYPE = YES_ERROR;
				GCC_WARN_UNDECLARED_SELECTOR = YES;
				GCC_WARN_UNINITIALIZED_AUTOS = YES_AGGRESSIVE;
				GCC_WARN_UNUSED_FUNCTION = YES;
				GCC_WARN_UNUSED_VARIABLE = YES;
				IPHONEOS_DEPLOYMENT_TARGET = 17.0;
				LOCALIZATION_PREFERS_STRING_CATALOGS = YES;
				MTL_ENABLE_DEBUG_INFO = NO;
				MTL_FAST_MATH = YES;
				SDKROOT = iphoneos;
				SWIFT_COMPILATION_MODE = wholemodule;
				VALIDATE_PRODUCT = YES;
			};
			name = Release;
		};
		CD3BEFB72AD73B780027A04C /* Debug */ = {
			isa = XCBuildConfiguration;
			buildSettings = {
				ASSETCATALOG_COMPILER_APPICON_NAME = AppIcon;
				ASSETCATALOG_COMPILER_GLOBAL_ACCENT_COLOR_NAME = AccentColor;
				CODE_SIGN_STYLE = Automatic;
				CURRENT_PROJECT_VERSION = 1;
				DEVELOPMENT_ASSET_PATHS = "\"PersonalPeopleAPI/Preview Content\"";
				DEVELOPMENT_TEAM = JKR3XZ5TBQ;
				ENABLE_PREVIEWS = YES;
				GENERATE_INFOPLIST_FILE = YES;
				INFOPLIST_FILE = PersonalPeopleAPI/Info.plist;
				INFOPLIST_KEY_CFBundleDisplayName = People;
				INFOPLIST_KEY_UIApplicationSceneManifest_Generation = YES;
				INFOPLIST_KEY_UIApplicationSupportsIndirectInputEvents = YES;
				INFOPLIST_KEY_UISupportedInterfaceOrientations_iPad = "UIInterfaceOrientationPortrait UIInterfaceOrientationPortraitUpsideDown UIInterfaceOrientationLandscapeLeft UIInterfaceOrientationLandscapeRight";
				INFOPLIST_KEY_UISupportedInterfaceOrientations_iPhone = "UIInterfaceOrientationPortrait UIInterfaceOrientationLandscapeLeft UIInterfaceOrientationLandscapeRight";
				LD_RUNPATH_SEARCH_PATHS = (
					"$(inherited)",
					"@executable_path/Frameworks",
				);
				MARKETING_VERSION = 1.0;
				PRODUCT_BUNDLE_IDENTIFIER = com.manishparihar.PersonalPeopleAPI;
				PRODUCT_NAME = "$(TARGET_NAME)";
				SWIFT_EMIT_LOC_STRINGS = YES;
				SWIFT_VERSION = 5.0;
				TARGETED_DEVICE_FAMILY = "1,2";
			};
			name = Debug;
		};
		CD3BEFB82AD73B780027A04C /* Release */ = {
			isa = XCBuildConfiguration;
			buildSettings = {
				ASSETCATALOG_COMPILER_APPICON_NAME = AppIcon;
				ASSETCATALOG_COMPILER_GLOBAL_ACCENT_COLOR_NAME = AccentColor;
				CODE_SIGN_STYLE = Automatic;
				CURRENT_PROJECT_VERSION = 1;
				DEVELOPMENT_ASSET_PATHS = "\"PersonalPeopleAPI/Preview Content\"";
				DEVELOPMENT_TEAM = JKR3XZ5TBQ;
				ENABLE_PREVIEWS = YES;
				GENERATE_INFOPLIST_FILE = YES;
				INFOPLIST_FILE = PersonalPeopleAPI/Info.plist;
				INFOPLIST_KEY_CFBundleDisplayName = People;
				INFOPLIST_KEY_UIApplicationSceneManifest_Generation = YES;
				INFOPLIST_KEY_UIApplicationSupportsIndirectInputEvents = YES;
				INFOPLIST_KEY_UISupportedInterfaceOrientations_iPad = "UIInterfaceOrientationPortrait UIInterfaceOrientationPortraitUpsideDown UIInterfaceOrientationLandscapeLeft UIInterfaceOrientationLandscapeRight";
				INFOPLIST_KEY_UISupportedInterfaceOrientations_iPhone = "UIInterfaceOrientationPortrait UIInterfaceOrientationLandscapeLeft UIInterfaceOrientationLandscapeRight";
				LD_RUNPATH_SEARCH_PATHS = (
					"$(inherited)",
					"@executable_path/Frameworks",
				);
				MARKETING_VERSION = 1.0;
				PRODUCT_BUNDLE_IDENTIFIER = com.manishparihar.PersonalPeopleAPI;
				PRODUCT_NAME = "$(TARGET_NAME)";
				SWIFT_EMIT_LOC_STRINGS = YES;
				SWIFT_VERSION = 5.0;
				TARGETED_DEVICE_FAMILY = "1,2";
			};
			name = Release;
		};
		CDEF5E592ADFD0D8004DDA7E /* Debug */ = {
			isa = XCBuildConfiguration;
			buildSettings = {
				BUNDLE_LOADER = "$(TEST_HOST)";
				CODE_SIGN_STYLE = Automatic;
				CURRENT_PROJECT_VERSION = 1;
				DEVELOPMENT_TEAM = JKR3XZ5TBQ;
				GENERATE_INFOPLIST_FILE = YES;
				MARKETING_VERSION = 1.0;
				PRODUCT_BUNDLE_IDENTIFIER = com.manishparihar.PersonalPeopleAPITests;
				PRODUCT_NAME = "$(TARGET_NAME)";
				SWIFT_EMIT_LOC_STRINGS = NO;
				SWIFT_VERSION = 5.0;
				TARGETED_DEVICE_FAMILY = "1,2";
				TEST_HOST = "$(BUILT_PRODUCTS_DIR)/PersonalPeopleAPI.app/$(BUNDLE_EXECUTABLE_FOLDER_PATH)/PersonalPeopleAPI";
			};
			name = Debug;
		};
		CDEF5E5A2ADFD0D8004DDA7E /* Release */ = {
			isa = XCBuildConfiguration;
			buildSettings = {
				BUNDLE_LOADER = "$(TEST_HOST)";
				CODE_SIGN_STYLE = Automatic;
				CURRENT_PROJECT_VERSION = 1;
				DEVELOPMENT_TEAM = JKR3XZ5TBQ;
				GENERATE_INFOPLIST_FILE = YES;
				MARKETING_VERSION = 1.0;
				PRODUCT_BUNDLE_IDENTIFIER = com.manishparihar.PersonalPeopleAPITests;
				PRODUCT_NAME = "$(TARGET_NAME)";
				SWIFT_EMIT_LOC_STRINGS = NO;
				SWIFT_VERSION = 5.0;
				TARGETED_DEVICE_FAMILY = "1,2";
				TEST_HOST = "$(BUILT_PRODUCTS_DIR)/PersonalPeopleAPI.app/$(BUNDLE_EXECUTABLE_FOLDER_PATH)/PersonalPeopleAPI";
			};
			name = Release;
		};
/* End XCBuildConfiguration section */

/* Begin XCConfigurationList section */
		CD18F18B2AE2BC89004535AD /* Build configuration list for PBXNativeTarget "PersonalPeopleAPIUITests" */ = {
			isa = XCConfigurationList;
			buildConfigurations = (
				CD18F18C2AE2BC89004535AD /* Debug */,
				CD18F18D2AE2BC89004535AD /* Release */,
			);
			defaultConfigurationIsVisible = 0;
			defaultConfigurationName = Release;
		};
		CD3BEFA32AD73B720027A04C /* Build configuration list for PBXProject "PersonalPeopleAPI" */ = {
			isa = XCConfigurationList;
			buildConfigurations = (
				CD3BEFB42AD73B780027A04C /* Debug */,
				CD3BEFB52AD73B780027A04C /* Release */,
			);
			defaultConfigurationIsVisible = 0;
			defaultConfigurationName = Release;
		};
		CD3BEFB62AD73B780027A04C /* Build configuration list for PBXNativeTarget "PersonalPeopleAPI" */ = {
			isa = XCConfigurationList;
			buildConfigurations = (
				CD3BEFB72AD73B780027A04C /* Debug */,
				CD3BEFB82AD73B780027A04C /* Release */,
			);
			defaultConfigurationIsVisible = 0;
			defaultConfigurationName = Release;
		};
		CDEF5E5B2ADFD0D8004DDA7E /* Build configuration list for PBXNativeTarget "PersonalPeopleAPITests" */ = {
			isa = XCConfigurationList;
			buildConfigurations = (
				CDEF5E592ADFD0D8004DDA7E /* Debug */,
				CDEF5E5A2ADFD0D8004DDA7E /* Release */,
			);
			defaultConfigurationIsVisible = 0;
			defaultConfigurationName = Release;
		};
/* End XCConfigurationList section */
	};
	rootObject = CD3BEFA02AD73B720027A04C /* Project object */;
}
