// !$*UTF8*$!
{
	archiveVersion = 1;
	classes = {
	};
	objectVersion = 56;
	objects = {

/* Begin PBXBuildFile section */
		CD3BEFAC2AD73B720027A04C /* PersonalPeopleAPIApp.swift in Sources */ = {isa = PBXBuildFile; fileRef = CD3BEFAB2AD73B720027A04C /* PersonalPeopleAPIApp.swift */; };
		CD3BEFAE2AD73B720027A04C /* ContentView.swift in Sources */ = {isa = PBXBuildFile; fileRef = CD3BEFAD2AD73B720027A04C /* ContentView.swift */; };
		CD3BEFB02AD73B780027A04C /* Assets.xcassets in Resources */ = {isa = PBXBuildFile; fileRef = CD3BEFAF2AD73B780027A04C /* Assets.xcassets */; };
		CD3BEFB32AD73B780027A04C /* Preview Assets.xcassets in Resources */ = {isa = PBXBuildFile; fileRef = CD3BEFB22AD73B780027A04C /* Preview Assets.xcassets */; };
		CD3BEFBB2AD73CB90027A04C /* Symbols.swift in Sources */ = {isa = PBXBuildFile; fileRef = CD3BEFBA2AD73CB90027A04C /* Symbols.swift */; };
		CD3BEFBD2AD73E120027A04C /* Theme.swift in Sources */ = {isa = PBXBuildFile; fileRef = CD3BEFBC2AD73E120027A04C /* Theme.swift */; };
		CD3BEFD32AD7FAB10027A04C /* SingleUserData.json in Resources */ = {isa = PBXBuildFile; fileRef = CD3BEFD22AD7FAB10027A04C /* SingleUserData.json */; };
		CD3BEFD72AD7FBE70027A04C /* UserDetailResponse.swift in Sources */ = {isa = PBXBuildFile; fileRef = CD3BEFD62AD7FBE70027A04C /* UserDetailResponse.swift */; };
		CD3BEFD92AD7FC690027A04C /* UsersResponse.swift in Sources */ = {isa = PBXBuildFile; fileRef = CD3BEFD82AD7FC690027A04C /* UsersResponse.swift */; };
		CD3BEFDC2AD7FD140027A04C /* Models.swift in Sources */ = {isa = PBXBuildFile; fileRef = CD3BEFDB2AD7FD140027A04C /* Models.swift */; };
		CD3BEFDF2AD7FD670027A04C /* StaticJSONMapper.swift in Sources */ = {isa = PBXBuildFile; fileRef = CD3BEFDE2AD7FD670027A04C /* StaticJSONMapper.swift */; };
		CD3BEFE12AD8057B0027A04C /* UsersStaticData.json in Resources */ = {isa = PBXBuildFile; fileRef = CD3BEFE02AD8057B0027A04C /* UsersStaticData.json */; };
		CD3BEFE32AD8170B0027A04C /* PeopleView.swift in Sources */ = {isa = PBXBuildFile; fileRef = CD3BEFE22AD8170B0027A04C /* PeopleView.swift */; };
		CD3BEFE52AD81D8C0027A04C /* PersonItemView.swift in Sources */ = {isa = PBXBuildFile; fileRef = CD3BEFE42AD81D8C0027A04C /* PersonItemView.swift */; };
		CD3BEFE82AD81E890027A04C /* PillView.swift in Sources */ = {isa = PBXBuildFile; fileRef = CD3BEFE72AD81E890027A04C /* PillView.swift */; };
		CD3BEFEA2AD83A6B0027A04C /* DetailView.swift in Sources */ = {isa = PBXBuildFile; fileRef = CD3BEFE92AD83A6A0027A04C /* DetailView.swift */; };
		CD3BEFEC2AD9554A0027A04C /* CreateView.swift in Sources */ = {isa = PBXBuildFile; fileRef = CD3BEFEB2AD9554A0027A04C /* CreateView.swift */; };
		CD3BEFEF2AD95C1A0027A04C /* NetworkingManager.swift in Sources */ = {isa = PBXBuildFile; fileRef = CD3BEFEE2AD95C1A0027A04C /* NetworkingManager.swift */; };
/* End PBXBuildFile section */

/* Begin PBXFileReference section */
		CD3BEFA82AD73B720027A04C /* PersonalPeopleAPI.app */ = {isa = PBXFileReference; explicitFileType = wrapper.application; includeInIndex = 0; path = PersonalPeopleAPI.app; sourceTree = BUILT_PRODUCTS_DIR; };
		CD3BEFAB2AD73B720027A04C /* PersonalPeopleAPIApp.swift */ = {isa = PBXFileReference; lastKnownFileType = sourcecode.swift; path = PersonalPeopleAPIApp.swift; sourceTree = "<group>"; };
		CD3BEFAD2AD73B720027A04C /* ContentView.swift */ = {isa = PBXFileReference; lastKnownFileType = sourcecode.swift; path = ContentView.swift; sourceTree = "<group>"; };
		CD3BEFAF2AD73B780027A04C /* Assets.xcassets */ = {isa = PBXFileReference; lastKnownFileType = folder.assetcatalog; path = Assets.xcassets; sourceTree = "<group>"; };
		CD3BEFB22AD73B780027A04C /* Preview Assets.xcassets */ = {isa = PBXFileReference; lastKnownFileType = folder.assetcatalog; path = "Preview Assets.xcassets"; sourceTree = "<group>"; };
		CD3BEFBA2AD73CB90027A04C /* Symbols.swift */ = {isa = PBXFileReference; lastKnownFileType = sourcecode.swift; path = Symbols.swift; sourceTree = "<group>"; };
		CD3BEFBC2AD73E120027A04C /* Theme.swift */ = {isa = PBXFileReference; lastKnownFileType = sourcecode.swift; path = Theme.swift; sourceTree = "<group>"; };
		CD3BEFCE2AD743C10027A04C /* Info.plist */ = {isa = PBXFileReference; lastKnownFileType = text.plist; path = Info.plist; sourceTree = "<group>"; };
		CD3BEFD22AD7FAB10027A04C /* SingleUserData.json */ = {isa = PBXFileReference; lastKnownFileType = text.json; path = SingleUserData.json; sourceTree = "<group>"; };
		CD3BEFD62AD7FBE70027A04C /* UserDetailResponse.swift */ = {isa = PBXFileReference; lastKnownFileType = sourcecode.swift; path = UserDetailResponse.swift; sourceTree = "<group>"; };
		CD3BEFD82AD7FC690027A04C /* UsersResponse.swift */ = {isa = PBXFileReference; lastKnownFileType = sourcecode.swift; path = UsersResponse.swift; sourceTree = "<group>"; };
		CD3BEFDB2AD7FD140027A04C /* Models.swift */ = {isa = PBXFileReference; lastKnownFileType = sourcecode.swift; path = Models.swift; sourceTree = "<group>"; };
		CD3BEFDE2AD7FD670027A04C /* StaticJSONMapper.swift */ = {isa = PBXFileReference; lastKnownFileType = sourcecode.swift; path = StaticJSONMapper.swift; sourceTree = "<group>"; };
		CD3BEFE02AD8057B0027A04C /* UsersStaticData.json */ = {isa = PBXFileReference; lastKnownFileType = text.json; path = UsersStaticData.json; sourceTree = "<group>"; };
		CD3BEFE22AD8170B0027A04C /* PeopleView.swift */ = {isa = PBXFileReference; lastKnownFileType = sourcecode.swift; path = PeopleView.swift; sourceTree = "<group>"; };
		CD3BEFE42AD81D8C0027A04C /* PersonItemView.swift */ = {isa = PBXFileReference; lastKnownFileType = sourcecode.swift; path = PersonItemView.swift; sourceTree = "<group>"; };
		CD3BEFE72AD81E890027A04C /* PillView.swift */ = {isa = PBXFileReference; lastKnownFileType = sourcecode.swift; path = PillView.swift; sourceTree = "<group>"; };
		CD3BEFE92AD83A6A0027A04C /* DetailView.swift */ = {isa = PBXFileReference; lastKnownFileType = sourcecode.swift; path = DetailView.swift; sourceTree = "<group>"; };
		CD3BEFEB2AD9554A0027A04C /* CreateView.swift */ = {isa = PBXFileReference; lastKnownFileType = sourcecode.swift; path = CreateView.swift; sourceTree = "<group>"; };
		CD3BEFEE2AD95C1A0027A04C /* NetworkingManager.swift */ = {isa = PBXFileReference; lastKnownFileType = sourcecode.swift; path = NetworkingManager.swift; sourceTree = "<group>"; };
/* End PBXFileReference section */

/* Begin PBXFrameworksBuildPhase section */
		CD3BEFA52AD73B720027A04C /* Frameworks */ = {
			isa = PBXFrameworksBuildPhase;
			buildActionMask = 2147483647;
			files = (
			);
			runOnlyForDeploymentPostprocessing = 0;
		};
/* End PBXFrameworksBuildPhase section */

/* Begin PBXGroup section */
		CD3BEF9F2AD73B720027A04C = {
			isa = PBXGroup;
			children = (
				CD3BEFAA2AD73B720027A04C /* PersonalPeopleAPI */,
				CD3BEFA92AD73B720027A04C /* Products */,
			);
			sourceTree = "<group>";
		};
		CD3BEFA92AD73B720027A04C /* Products */ = {
			isa = PBXGroup;
			children = (
				CD3BEFA82AD73B720027A04C /* PersonalPeopleAPI.app */,
			);
			name = Products;
			sourceTree = "<group>";
		};
		CD3BEFAA2AD73B720027A04C /* PersonalPeopleAPI */ = {
			isa = PBXGroup;
			children = (
				CD3BEFCE2AD743C10027A04C /* Info.plist */,
				CD3BEFBF2AD73F760027A04C /* Features */,
				CD3BEFBE2AD73F6B0027A04C /* Base */,
				CD3BEFB92AD73C270027A04C /* Resources */,
				CD3BEFAB2AD73B720027A04C /* PersonalPeopleAPIApp.swift */,
				CD3BEFAD2AD73B720027A04C /* ContentView.swift */,
				CD3BEFAF2AD73B780027A04C /* Assets.xcassets */,
				CD3BEFB12AD73B780027A04C /* Preview Content */,
			);
			path = PersonalPeopleAPI;
			sourceTree = "<group>";
		};
		CD3BEFB12AD73B780027A04C /* Preview Content */ = {
			isa = PBXGroup;
			children = (
				CD3BEFB22AD73B780027A04C /* Preview Assets.xcassets */,
			);
			path = "Preview Content";
			sourceTree = "<group>";
		};
		CD3BEFB92AD73C270027A04C /* Resources */ = {
			isa = PBXGroup;
			children = (
				CD3BEFCF2AD7F9360027A04C /* JSON */,
				CD3BEFBA2AD73CB90027A04C /* Symbols.swift */,
				CD3BEFBC2AD73E120027A04C /* Theme.swift */,
			);
			path = Resources;
			sourceTree = "<group>";
		};
		CD3BEFBE2AD73F6B0027A04C /* Base */ = {
			isa = PBXGroup;
			children = (
				CD3BEFED2AD95C000027A04C /* API */,
				CD3BEFE62AD81E760027A04C /* Views */,
				CD3BEFDD2AD7FD560027A04C /* Mapper */,
				CD3BEFDA2AD7FD030027A04C /* Model */,
			);
			path = Base;
			sourceTree = "<group>";
		};
		CD3BEFBF2AD73F760027A04C /* Features */ = {
			isa = PBXGroup;
			children = (
				CD3BEFC02AD73F7F0027A04C /* People */,
				CD3BEFC22AD73F8B0027A04C /* Detail */,
				CD3BEFC32AD73F910027A04C /* Settings */,
				CD3BEFC12AD73F860027A04C /* Create */,
			);
			path = Features;
			sourceTree = "<group>";
		};
		CD3BEFC02AD73F7F0027A04C /* People */ = {
			isa = PBXGroup;
			children = (
				CD3BEFC52AD73FAC0027A04C /* Model */,
				CD3BEFC62AD73FB00027A04C /* Views */,
				CD3BEFC42AD73FA20027A04C /* View Models */,
			);
			path = People;
			sourceTree = "<group>";
		};
		CD3BEFC12AD73F860027A04C /* Create */ = {
			isa = PBXGroup;
			children = (
				CD3BEFC82AD73FF40027A04C /* Model */,
				CD3BEFC92AD73FFD0027A04C /* Views */,
				CD3BEFC72AD73FEA0027A04C /* View Models */,
			);
			path = Create;
			sourceTree = "<group>";
		};
		CD3BEFC22AD73F8B0027A04C /* Detail */ = {
			isa = PBXGroup;
			children = (
				CD3BEFCB2AD7400D0027A04C /* Model */,
				CD3BEFCC2AD740110027A04C /* Views */,
				CD3BEFCA2AD740060027A04C /* View Models */,
			);
			path = Detail;
			sourceTree = "<group>";
		};
		CD3BEFC32AD73F910027A04C /* Settings */ = {
			isa = PBXGroup;
			children = (
				CD3BEFCD2AD740260027A04C /* Views */,
			);
			path = Settings;
			sourceTree = "<group>";
		};
		CD3BEFC42AD73FA20027A04C /* View Models */ = {
			isa = PBXGroup;
			children = (
			);
			path = "View Models";
			sourceTree = "<group>";
		};
		CD3BEFC52AD73FAC0027A04C /* Model */ = {
			isa = PBXGroup;
			children = (
				CD3BEFD82AD7FC690027A04C /* UsersResponse.swift */,
			);
			path = Model;
			sourceTree = "<group>";
		};
		CD3BEFC62AD73FB00027A04C /* Views */ = {
			isa = PBXGroup;
			children = (
				CD3BEFE22AD8170B0027A04C /* PeopleView.swift */,
				CD3BEFE42AD81D8C0027A04C /* PersonItemView.swift */,
			);
			path = Views;
			sourceTree = "<group>";
		};
		CD3BEFC72AD73FEA0027A04C /* View Models */ = {
			isa = PBXGroup;
			children = (
			);
			path = "View Models";
			sourceTree = "<group>";
		};
		CD3BEFC82AD73FF40027A04C /* Model */ = {
			isa = PBXGroup;
			children = (
			);
			path = Model;
			sourceTree = "<group>";
		};
		CD3BEFC92AD73FFD0027A04C /* Views */ = {
			isa = PBXGroup;
			children = (
				CD3BEFEB2AD9554A0027A04C /* CreateView.swift */,
			);
			path = Views;
			sourceTree = "<group>";
		};
		CD3BEFCA2AD740060027A04C /* View Models */ = {
			isa = PBXGroup;
			children = (
			);
			path = "View Models";
			sourceTree = "<group>";
		};
		CD3BEFCB2AD7400D0027A04C /* Model */ = {
			isa = PBXGroup;
			children = (
				CD3BEFD62AD7FBE70027A04C /* UserDetailResponse.swift */,
			);
			path = Model;
			sourceTree = "<group>";
		};
		CD3BEFCC2AD740110027A04C /* Views */ = {
			isa = PBXGroup;
			children = (
				CD3BEFE92AD83A6A0027A04C /* DetailView.swift */,
			);
			path = Views;
			sourceTree = "<group>";
		};
		CD3BEFCD2AD740260027A04C /* Views */ = {
			isa = PBXGroup;
			children = (
			);
			path = Views;
			sourceTree = "<group>";
		};
		CD3BEFCF2AD7F9360027A04C /* JSON */ = {
			isa = PBXGroup;
			children = (
				CD3BEFE02AD8057B0027A04C /* UsersStaticData.json */,
				CD3BEFD22AD7FAB10027A04C /* SingleUserData.json */,
			);
			path = JSON;
			sourceTree = "<group>";
		};
		CD3BEFDA2AD7FD030027A04C /* Model */ = {
			isa = PBXGroup;
			children = (
				CD3BEFDB2AD7FD140027A04C /* Models.swift */,
			);
			path = Model;
			sourceTree = "<group>";
		};
		CD3BEFDD2AD7FD560027A04C /* Mapper */ = {
			isa = PBXGroup;
			children = (
				CD3BEFDE2AD7FD670027A04C /* StaticJSONMapper.swift */,
			);
			path = Mapper;
			sourceTree = "<group>";
		};
		CD3BEFE62AD81E760027A04C /* Views */ = {
			isa = PBXGroup;
			children = (
				CD3BEFE72AD81E890027A04C /* PillView.swift */,
			);
			path = Views;
			sourceTree = "<group>";
		};
		CD3BEFED2AD95C000027A04C /* API */ = {
			isa = PBXGroup;
			children = (
				CD3BEFEE2AD95C1A0027A04C /* NetworkingManager.swift */,
			);
			path = API;
			sourceTree = "<group>";
		};
/* End PBXGroup section */

/* Begin PBXNativeTarget section */
		CD3BEFA72AD73B720027A04C /* PersonalPeopleAPI */ = {
			isa = PBXNativeTarget;
			buildConfigurationList = CD3BEFB62AD73B780027A04C /* Build configuration list for PBXNativeTarget "PersonalPeopleAPI" */;
			buildPhases = (
				CD3BEFA42AD73B720027A04C /* Sources */,
				CD3BEFA52AD73B720027A04C /* Frameworks */,
				CD3BEFA62AD73B720027A04C /* Resources */,
			);
			buildRules = (
			);
			dependencies = (
			);
			name = PersonalPeopleAPI;
			productName = PersonalPeopleAPI;
			productReference = CD3BEFA82AD73B720027A04C /* PersonalPeopleAPI.app */;
			productType = "com.apple.product-type.application";
		};
/* End PBXNativeTarget section */

/* Begin PBXProject section */
		CD3BEFA02AD73B720027A04C /* Project object */ = {
			isa = PBXProject;
			attributes = {
				BuildIndependentTargetsInParallel = 1;
				LastSwiftUpdateCheck = 1500;
				LastUpgradeCheck = 1500;
				TargetAttributes = {
					CD3BEFA72AD73B720027A04C = {
						CreatedOnToolsVersion = 15.0;
					};
				};
			};
			buildConfigurationList = CD3BEFA32AD73B720027A04C /* Build configuration list for PBXProject "PersonalPeopleAPI" */;
			compatibilityVersion = "Xcode 14.0";
			developmentRegion = en;
			hasScannedForEncodings = 0;
			knownRegions = (
				en,
				Base,
			);
			mainGroup = CD3BEF9F2AD73B720027A04C;
			productRefGroup = CD3BEFA92AD73B720027A04C /* Products */;
			projectDirPath = "";
			projectRoot = "";
			targets = (
				CD3BEFA72AD73B720027A04C /* PersonalPeopleAPI */,
			);
		};
/* End PBXProject section */

/* Begin PBXResourcesBuildPhase section */
		CD3BEFA62AD73B720027A04C /* Resources */ = {
			isa = PBXResourcesBuildPhase;
			buildActionMask = 2147483647;
			files = (
				CD3BEFE12AD8057B0027A04C /* UsersStaticData.json in Resources */,
				CD3BEFB32AD73B780027A04C /* Preview Assets.xcassets in Resources */,
				CD3BEFD32AD7FAB10027A04C /* SingleUserData.json in Resources */,
				CD3BEFB02AD73B780027A04C /* Assets.xcassets in Resources */,
			);
			runOnlyForDeploymentPostprocessing = 0;
		};
/* End PBXResourcesBuildPhase section */

/* Begin PBXSourcesBuildPhase section */
		CD3BEFA42AD73B720027A04C /* Sources */ = {
			isa = PBXSourcesBuildPhase;
			buildActionMask = 2147483647;
			files = (
				CD3BEFDF2AD7FD670027A04C /* StaticJSONMapper.swift in Sources */,
				CD3BEFEA2AD83A6B0027A04C /* DetailView.swift in Sources */,
				CD3BEFBB2AD73CB90027A04C /* Symbols.swift in Sources */,
				CD3BEFE32AD8170B0027A04C /* PeopleView.swift in Sources */,
				CD3BEFBD2AD73E120027A04C /* Theme.swift in Sources */,
				CD3BEFAE2AD73B720027A04C /* ContentView.swift in Sources */,
				CD3BEFD72AD7FBE70027A04C /* UserDetailResponse.swift in Sources */,
				CD3BEFE82AD81E890027A04C /* PillView.swift in Sources */,
				CD3BEFEC2AD9554A0027A04C /* CreateView.swift in Sources */,
				CD3BEFAC2AD73B720027A04C /* PersonalPeopleAPIApp.swift in Sources */,
				CD3BEFD92AD7FC690027A04C /* UsersResponse.swift in Sources */,
				CD3BEFE52AD81D8C0027A04C /* PersonItemView.swift in Sources */,
				CD3BEFDC2AD7FD140027A04C /* Models.swift in Sources */,
				CD3BEFEF2AD95C1A0027A04C /* NetworkingManager.swift in Sources */,
			);
			runOnlyForDeploymentPostprocessing = 0;
		};
/* End PBXSourcesBuildPhase section */

/* Begin XCBuildConfiguration section */
		CD3BEFB42AD73B780027A04C /* Debug */ = {
			isa = XCBuildConfiguration;
			buildSettings = {
				ALWAYS_SEARCH_USER_PATHS = NO;
				ASSETCATALOG_COMPILER_GENERATE_SWIFT_ASSET_SYMBOL_EXTENSIONS = YES;
				CLANG_ANALYZER_NONNULL = YES;
				CLANG_ANALYZER_NUMBER_OBJECT_CONVERSION = YES_AGGRESSIVE;
				CLANG_CXX_LANGUAGE_STANDARD = "gnu++20";
				CLANG_ENABLE_MODULES = YES;
				CLANG_ENABLE_OBJC_ARC = YES;
				CLANG_ENABLE_OBJC_WEAK = YES;
				CLANG_WARN_BLOCK_CAPTURE_AUTORELEASING = YES;
				CLANG_WARN_BOOL_CONVERSION = YES;
				CLANG_WARN_COMMA = YES;
				CLANG_WARN_CONSTANT_CONVERSION = YES;
				CLANG_WARN_DEPRECATED_OBJC_IMPLEMENTATIONS = YES;
				CLANG_WARN_DIRECT_OBJC_ISA_USAGE = YES_ERROR;
				CLANG_WARN_DOCUMENTATION_COMMENTS = YES;
				CLANG_WARN_EMPTY_BODY = YES;
				CLANG_WARN_ENUM_CONVERSION = YES;
				CLANG_WARN_INFINITE_RECURSION = YES;
				CLANG_WARN_INT_CONVERSION = YES;
				CLANG_WARN_NON_LITERAL_NULL_CONVERSION = YES;
				CLANG_WARN_OBJC_IMPLICIT_RETAIN_SELF = YES;
				CLANG_WARN_OBJC_LITERAL_CONVERSION = YES;
				CLANG_WARN_OBJC_ROOT_CLASS = YES_ERROR;
				CLANG_WARN_QUOTED_INCLUDE_IN_FRAMEWORK_HEADER = YES;
				CLANG_WARN_RANGE_LOOP_ANALYSIS = YES;
				CLANG_WARN_STRICT_PROTOTYPES = YES;
				CLANG_WARN_SUSPICIOUS_MOVE = YES;
				CLANG_WARN_UNGUARDED_AVAILABILITY = YES_AGGRESSIVE;
				CLANG_WARN_UNREACHABLE_CODE = YES;
				CLANG_WARN__DUPLICATE_METHOD_MATCH = YES;
				COPY_PHASE_STRIP = NO;
				DEBUG_INFORMATION_FORMAT = dwarf;
				ENABLE_STRICT_OBJC_MSGSEND = YES;
				ENABLE_TESTABILITY = YES;
				ENABLE_USER_SCRIPT_SANDBOXING = YES;
				GCC_C_LANGUAGE_STANDARD = gnu17;
				GCC_DYNAMIC_NO_PIC = NO;
				GCC_NO_COMMON_BLOCKS = YES;
				GCC_OPTIMIZATION_LEVEL = 0;
				GCC_PREPROCESSOR_DEFINITIONS = (
					"DEBUG=1",
					"$(inherited)",
				);
				GCC_WARN_64_TO_32_BIT_CONVERSION = YES;
				GCC_WARN_ABOUT_RETURN_TYPE = YES_ERROR;
				GCC_WARN_UNDECLARED_SELECTOR = YES;
				GCC_WARN_UNINITIALIZED_AUTOS = YES_AGGRESSIVE;
				GCC_WARN_UNUSED_FUNCTION = YES;
				GCC_WARN_UNUSED_VARIABLE = YES;
				IPHONEOS_DEPLOYMENT_TARGET = 17.0;
				LOCALIZATION_PREFERS_STRING_CATALOGS = YES;
				MTL_ENABLE_DEBUG_INFO = INCLUDE_SOURCE;
				MTL_FAST_MATH = YES;
				ONLY_ACTIVE_ARCH = YES;
				SDKROOT = iphoneos;
				SWIFT_ACTIVE_COMPILATION_CONDITIONS = "DEBUG $(inherited)";
				SWIFT_OPTIMIZATION_LEVEL = "-Onone";
			};
			name = Debug;
		};
		CD3BEFB52AD73B780027A04C /* Release */ = {
			isa = XCBuildConfiguration;
			buildSettings = {
				ALWAYS_SEARCH_USER_PATHS = NO;
				ASSETCATALOG_COMPILER_GENERATE_SWIFT_ASSET_SYMBOL_EXTENSIONS = YES;
				CLANG_ANALYZER_NONNULL = YES;
				CLANG_ANALYZER_NUMBER_OBJECT_CONVERSION = YES_AGGRESSIVE;
				CLANG_CXX_LANGUAGE_STANDARD = "gnu++20";
				CLANG_ENABLE_MODULES = YES;
				CLANG_ENABLE_OBJC_ARC = YES;
				CLANG_ENABLE_OBJC_WEAK = YES;
				CLANG_WARN_BLOCK_CAPTURE_AUTORELEASING = YES;
				CLANG_WARN_BOOL_CONVERSION = YES;
				CLANG_WARN_COMMA = YES;
				CLANG_WARN_CONSTANT_CONVERSION = YES;
				CLANG_WARN_DEPRECATED_OBJC_IMPLEMENTATIONS = YES;
				CLANG_WARN_DIRECT_OBJC_ISA_USAGE = YES_ERROR;
				CLANG_WARN_DOCUMENTATION_COMMENTS = YES;
				CLANG_WARN_EMPTY_BODY = YES;
				CLANG_WARN_ENUM_CONVERSION = YES;
				CLANG_WARN_INFINITE_RECURSION = YES;
				CLANG_WARN_INT_CONVERSION = YES;
				CLANG_WARN_NON_LITERAL_NULL_CONVERSION = YES;
				CLANG_WARN_OBJC_IMPLICIT_RETAIN_SELF = YES;
				CLANG_WARN_OBJC_LITERAL_CONVERSION = YES;
				CLANG_WARN_OBJC_ROOT_CLASS = YES_ERROR;
				CLANG_WARN_QUOTED_INCLUDE_IN_FRAMEWORK_HEADER = YES;
				CLANG_WARN_RANGE_LOOP_ANALYSIS = YES;
				CLANG_WARN_STRICT_PROTOTYPES = YES;
				CLANG_WARN_SUSPICIOUS_MOVE = YES;
				CLANG_WARN_UNGUARDED_AVAILABILITY = YES_AGGRESSIVE;
				CLANG_WARN_UNREACHABLE_CODE = YES;
				CLANG_WARN__DUPLICATE_METHOD_MATCH = YES;
				COPY_PHASE_STRIP = NO;
				DEBUG_INFORMATION_FORMAT = "dwarf-with-dsym";
				ENABLE_NS_ASSERTIONS = NO;
				ENABLE_STRICT_OBJC_MSGSEND = YES;
				ENABLE_USER_SCRIPT_SANDBOXING = YES;
				GCC_C_LANGUAGE_STANDARD = gnu17;
				GCC_NO_COMMON_BLOCKS = YES;
				GCC_WARN_64_TO_32_BIT_CONVERSION = YES;
				GCC_WARN_ABOUT_RETURN_TYPE = YES_ERROR;
				GCC_WARN_UNDECLARED_SELECTOR = YES;
				GCC_WARN_UNINITIALIZED_AUTOS = YES_AGGRESSIVE;
				GCC_WARN_UNUSED_FUNCTION = YES;
				GCC_WARN_UNUSED_VARIABLE = YES;
				IPHONEOS_DEPLOYMENT_TARGET = 17.0;
				LOCALIZATION_PREFERS_STRING_CATALOGS = YES;
				MTL_ENABLE_DEBUG_INFO = NO;
				MTL_FAST_MATH = YES;
				SDKROOT = iphoneos;
				SWIFT_COMPILATION_MODE = wholemodule;
				VALIDATE_PRODUCT = YES;
			};
			name = Release;
		};
		CD3BEFB72AD73B780027A04C /* Debug */ = {
			isa = XCBuildConfiguration;
			buildSettings = {
				ASSETCATALOG_COMPILER_APPICON_NAME = AppIcon;
				ASSETCATALOG_COMPILER_GLOBAL_ACCENT_COLOR_NAME = AccentColor;
				CODE_SIGN_STYLE = Automatic;
				CURRENT_PROJECT_VERSION = 1;
				DEVELOPMENT_ASSET_PATHS = "\"PersonalPeopleAPI/Preview Content\"";
				DEVELOPMENT_TEAM = JKR3XZ5TBQ;
				ENABLE_PREVIEWS = YES;
				GENERATE_INFOPLIST_FILE = YES;
				INFOPLIST_FILE = PersonalPeopleAPI/Info.plist;
				INFOPLIST_KEY_CFBundleDisplayName = People;
				INFOPLIST_KEY_UIApplicationSceneManifest_Generation = YES;
				INFOPLIST_KEY_UIApplicationSupportsIndirectInputEvents = YES;
				INFOPLIST_KEY_UISupportedInterfaceOrientations_iPad = "UIInterfaceOrientationPortrait UIInterfaceOrientationPortraitUpsideDown UIInterfaceOrientationLandscapeLeft UIInterfaceOrientationLandscapeRight";
				INFOPLIST_KEY_UISupportedInterfaceOrientations_iPhone = "UIInterfaceOrientationPortrait UIInterfaceOrientationLandscapeLeft UIInterfaceOrientationLandscapeRight";
				LD_RUNPATH_SEARCH_PATHS = (
					"$(inherited)",
					"@executable_path/Frameworks",
				);
				MARKETING_VERSION = 1.0;
				PRODUCT_BUNDLE_IDENTIFIER = com.manishparihar.PersonalPeopleAPI;
				PRODUCT_NAME = "$(TARGET_NAME)";
				SWIFT_EMIT_LOC_STRINGS = YES;
				SWIFT_VERSION = 5.0;
				TARGETED_DEVICE_FAMILY = "1,2";
			};
			name = Debug;
		};
		CD3BEFB82AD73B780027A04C /* Release */ = {
			isa = XCBuildConfiguration;
			buildSettings = {
				ASSETCATALOG_COMPILER_APPICON_NAME = AppIcon;
				ASSETCATALOG_COMPILER_GLOBAL_ACCENT_COLOR_NAME = AccentColor;
				CODE_SIGN_STYLE = Automatic;
				CURRENT_PROJECT_VERSION = 1;
				DEVELOPMENT_ASSET_PATHS = "\"PersonalPeopleAPI/Preview Content\"";
				DEVELOPMENT_TEAM = JKR3XZ5TBQ;
				ENABLE_PREVIEWS = YES;
				GENERATE_INFOPLIST_FILE = YES;
				INFOPLIST_FILE = PersonalPeopleAPI/Info.plist;
				INFOPLIST_KEY_CFBundleDisplayName = People;
				INFOPLIST_KEY_UIApplicationSceneManifest_Generation = YES;
				INFOPLIST_KEY_UIApplicationSupportsIndirectInputEvents = YES;
				INFOPLIST_KEY_UISupportedInterfaceOrientations_iPad = "UIInterfaceOrientationPortrait UIInterfaceOrientationPortraitUpsideDown UIInterfaceOrientationLandscapeLeft UIInterfaceOrientationLandscapeRight";
				INFOPLIST_KEY_UISupportedInterfaceOrientations_iPhone = "UIInterfaceOrientationPortrait UIInterfaceOrientationLandscapeLeft UIInterfaceOrientationLandscapeRight";
				LD_RUNPATH_SEARCH_PATHS = (
					"$(inherited)",
					"@executable_path/Frameworks",
				);
				MARKETING_VERSION = 1.0;
				PRODUCT_BUNDLE_IDENTIFIER = com.manishparihar.PersonalPeopleAPI;
				PRODUCT_NAME = "$(TARGET_NAME)";
				SWIFT_EMIT_LOC_STRINGS = YES;
				SWIFT_VERSION = 5.0;
				TARGETED_DEVICE_FAMILY = "1,2";
			};
			name = Release;
		};
/* End XCBuildConfiguration section */

/* Begin XCConfigurationList section */
		CD3BEFA32AD73B720027A04C /* Build configuration list for PBXProject "PersonalPeopleAPI" */ = {
			isa = XCConfigurationList;
			buildConfigurations = (
				CD3BEFB42AD73B780027A04C /* Debug */,
				CD3BEFB52AD73B780027A04C /* Release */,
			);
			defaultConfigurationIsVisible = 0;
			defaultConfigurationName = Release;
		};
		CD3BEFB62AD73B780027A04C /* Build configuration list for PBXNativeTarget "PersonalPeopleAPI" */ = {
			isa = XCConfigurationList;
			buildConfigurations = (
				CD3BEFB72AD73B780027A04C /* Debug */,
				CD3BEFB82AD73B780027A04C /* Release */,
			);
			defaultConfigurationIsVisible = 0;
			defaultConfigurationName = Release;
		};
/* End XCConfigurationList section */
	};
	rootObject = CD3BEFA02AD73B720027A04C /* Project object */;
}
